// !$*UTF8*$!
{
	archiveVersion = 1;
	classes = {
	};
	objectVersion = 77;
	objects = {

/* Begin PBXBuildFile section */
		9F12A6072EAF07E600B8963D /* DependencyContainer.swift in Sources */ = {isa = PBXBuildFile; fileRef = 9F12A6062EAF07E600B8963D /* DependencyContainer.swift */; };
		9F12A6092EAF08BF00B8963D /* LastFMClientProtocol.swift in Sources */ = {isa = PBXBuildFile; fileRef = 9F12A6082EAF08BF00B8963D /* LastFMClientProtocol.swift */; };
		9F349D902EB189CC00612B0E /* MockUsageExamples.swift in Sources */ = {isa = PBXBuildFile; fileRef = 9F349D8F2EB189CC00612B0E /* MockUsageExamples.swift */; };
		9F349D922EB18A1100612B0E /* MockLastFMClient.swift in Sources */ = {isa = PBXBuildFile; fileRef = 9F349D912EB18A1100612B0E /* MockLastFMClient.swift */; };
		9F349D972EB1920600612B0E /* mainwindow.png in Resources */ = {isa = PBXBuildFile; fileRef = 9F349D942EB1920600612B0E /* mainwindow.png */; };
		9F349D982EB1920600612B0E /* popover.png in Resources */ = {isa = PBXBuildFile; fileRef = 9F349D952EB1920600612B0E /* popover.png */; };
		9F349D9E2EB4524300612B0E /* Color.swift in Sources */ = {isa = PBXBuildFile; fileRef = 9F349D9D2EB4524300612B0E /* Color.swift */; };
		9F349DA12EB45D1F00612B0E /* Typography.swift in Sources */ = {isa = PBXBuildFile; fileRef = 9F349DA02EB45D1F00612B0E /* Typography.swift */; };
		9F349DA32EB45E2500612B0E /* Spacing.swift in Sources */ = {isa = PBXBuildFile; fileRef = 9F349DA22EB45E2500612B0E /* Spacing.swift */; };
		9F349DA52EB45F0000612B0E /* Shadow.swift in Sources */ = {isa = PBXBuildFile; fileRef = 9F349DA42EB45F0000612B0E /* Shadow.swift */; };
		9F349DA72EB45F3200612B0E /* Animation.swift in Sources */ = {isa = PBXBuildFile; fileRef = 9F349DA62EB45F3200612B0E /* Animation.swift */; };
		9F349DA92EB45FAC00612B0E /* Theme.swift in Sources */ = {isa = PBXBuildFile; fileRef = 9F349DA82EB45FAC00612B0E /* Theme.swift */; };
		9F349DAB2EB45FEB00612B0E /* ThemeManager.swift in Sources */ = {isa = PBXBuildFile; fileRef = 9F349DAA2EB45FEB00612B0E /* ThemeManager.swift */; };
		9F349DAD2EB460D100612B0E /* DESIGN_GUIDELINES.md in Sources */ = {isa = PBXBuildFile; fileRef = 9F349DAC2EB460AA00612B0E /* DESIGN_GUIDELINES.md */; };
		9F41EAFE2EAD3F780022F603 /* README.md in Resources */ = {isa = PBXBuildFile; fileRef = 9F41EAC82EAD3F780022F603 /* README.md */; };
		9F41EB2A2EAD3F780022F603 /* Assets.xcassets in Resources */ = {isa = PBXBuildFile; fileRef = 9F41EA9F2EAD3F780022F603 /* Assets.xcassets */; };
		9F41EB452EAD3F780022F603 /* CHANGELOG.md in Resources */ = {isa = PBXBuildFile; fileRef = 9F41EA9D2EAD3F780022F603 /* CHANGELOG.md */; };
		9F41EB502EAD3F780022F603 /* .gitignore in Resources */ = {isa = PBXBuildFile; fileRef = 9F41EA982EAD3F780022F603 /* .gitignore */; };
		9F41EB662EAD3F780022F603 /* Info.plist in Resources */ = {isa = PBXBuildFile; fileRef = 9F41EA992EAD3F780022F603 /* Info.plist */; };
		9F41EB722EAD3F780022F603 /* ARCHITECTURE.md in Resources */ = {isa = PBXBuildFile; fileRef = 9F41EA9C2EAD3F780022F603 /* ARCHITECTURE.md */; };
		9F41EB792EAD3F780022F603 /* Secrets.xcconfig in Resources */ = {isa = PBXBuildFile; fileRef = 9F41EA9A2EAD3F780022F603 /* Secrets.xcconfig */; };
		9F41EB7C2EAD3F780022F603 /* KeychainHelper.swift in Sources */ = {isa = PBXBuildFile; fileRef = 9F41EAAF2EAD3F780022F603 /* KeychainHelper.swift */; };
		9F41EB7D2EAD3F780022F603 /* KeychainError.swift in Sources */ = {isa = PBXBuildFile; fileRef = 9F41EAAE2EAD3F780022F603 /* KeychainError.swift */; };
		9F41EB7E2EAD3F780022F603 /* LogListView.swift in Sources */ = {isa = PBXBuildFile; fileRef = 9F41EAA62EAD3F780022F603 /* LogListView.swift */; };
		9F41EB7F2EAD3F780022F603 /* KeychainService.swift in Sources */ = {isa = PBXBuildFile; fileRef = 9F41EAB12EAD3F780022F603 /* KeychainService.swift */; };
		9F41EB802EAD3F780022F603 /* CoreDataStack.swift in Sources */ = {isa = PBXBuildFile; fileRef = 9F41EAB62EAD3F780022F603 /* CoreDataStack.swift */; };
		9F41EB812EAD3F780022F603 /* KeychainServiceProtocol.swift in Sources */ = {isa = PBXBuildFile; fileRef = 9F41EAB22EAD3F780022F603 /* KeychainServiceProtocol.swift */; };
		9F41EB822EAD3F780022F603 /* LaunchAtLoginManagerSimplified.swift in Sources */ = {isa = PBXBuildFile; fileRef = 9F41EAA42EAD3F780022F603 /* LaunchAtLoginManagerSimplified.swift */; };
		9F41EB832EAD3F780022F603 /* ScrobbleManager.swift in Sources */ = {isa = PBXBuildFile; fileRef = 9F41EABA2EAD3F780022F603 /* ScrobbleManager.swift */; };
		9F41EB842EAD3F780022F603 /* ConfigurationManager.swift in Sources */ = {isa = PBXBuildFile; fileRef = 9F41EAAC2EAD3F780022F603 /* ConfigurationManager.swift */; };
		9F41EB852EAD3F780022F603 /* RecentTracksView.swift in Sources */ = {isa = PBXBuildFile; fileRef = 9F41EAA92EAD3F780022F603 /* RecentTracksView.swift */; };
		9F41EB862EAD3F780022F603 /* LaunchAtLoginTestInterface.swift in Sources */ = {isa = PBXBuildFile; fileRef = 9F41EAA52EAD3F780022F603 /* LaunchAtLoginTestInterface.swift */; };
		9F41EB872EAD3F780022F603 /* ArtworkWidgetView.swift in Sources */ = {isa = PBXBuildFile; fileRef = 9F41EAA12EAD3F780022F603 /* ArtworkWidgetView.swift */; };
		9F41EB882EAD3F780022F603 /* Crypto+MD5.swift in Sources */ = {isa = PBXBuildFile; fileRef = 9F41EABD2EAD3F780022F603 /* Crypto+MD5.swift */; };
		9F41EB892EAD3F780022F603 /* LastFMClient.swift in Sources */ = {isa = PBXBuildFile; fileRef = 9F41EAB82EAD3F780022F603 /* LastFMClient.swift */; };
		9F41EB8A2EAD3F780022F603 /* NowPlayingApp.swift in Sources */ = {isa = PBXBuildFile; fileRef = 9F41EAA72EAD3F780022F603 /* NowPlayingApp.swift */; };
		9F41EB8B2EAD3F780022F603 /* Config.swift in Sources */ = {isa = PBXBuildFile; fileRef = 9F41EAAB2EAD3F780022F603 /* Config.swift */; };
		9F41EB8C2EAD3F780022F603 /* Models.swift in Sources */ = {isa = PBXBuildFile; fileRef = 9F41EAB42EAD3F780022F603 /* Models.swift */; };
		9F41EB8D2EAD3F780022F603 /* KeychainItem.swift in Sources */ = {isa = PBXBuildFile; fileRef = 9F41EAB02EAD3F780022F603 /* KeychainItem.swift */; };
		9F41EB8E2EAD3F780022F603 /* MusicEventListener.swift in Sources */ = {isa = PBXBuildFile; fileRef = 9F41EAB92EAD3F780022F603 /* MusicEventListener.swift */; };
		9F41EB8F2EAD3F780022F603 /* Date+Fmt.swift in Sources */ = {isa = PBXBuildFile; fileRef = 9F41EABE2EAD3F780022F603 /* Date+Fmt.swift */; };
		9F41EB902EAD3F780022F603 /* ArtworkStore.swift in Sources */ = {isa = PBXBuildFile; fileRef = 9F41EABC2EAD3F780022F603 /* ArtworkStore.swift */; };
		9F41EB912EAD3F780022F603 /* LaunchAtLoginManager.swift in Sources */ = {isa = PBXBuildFile; fileRef = 9F41EAA32EAD3F780022F603 /* LaunchAtLoginManager.swift */; };
		9F41EB922EAD3F780022F603 /* ContentView.swift in Sources */ = {isa = PBXBuildFile; fileRef = 9F41EAA22EAD3F780022F603 /* ContentView.swift */; };
		9F41EB932EAD3F780022F603 /* PreferencesView.swift in Sources */ = {isa = PBXBuildFile; fileRef = 9F41EAA82EAD3F780022F603 /* PreferencesView.swift */; };
		9F4C57C72EA31C66000ED6A2 /* ServiceManagement.framework in Frameworks */ = {isa = PBXBuildFile; fileRef = 9F4C57C62EA31C66000ED6A2 /* ServiceManagement.framework */; };
		9F4C57C92EA31C6F000ED6A2 /* CoreServices.framework in Frameworks */ = {isa = PBXBuildFile; fileRef = 9F4C57C82EA31C6F000ED6A2 /* CoreServices.framework */; };
		9FB9D5FA2EC7F354008CC099 /* AnimationPreset.swift in Sources */ = {isa = PBXBuildFile; fileRef = 9FB9D5F92EC7F354008CC099 /* AnimationPreset.swift */; };
		9FB9D5FC2EC7F442008CC099 /* TransitionPreset.swift in Sources */ = {isa = PBXBuildFile; fileRef = 9FB9D5FB2EC7F442008CC099 /* TransitionPreset.swift */; };
		9FB9D5FE2EC804F7008CC099 /* MicroInteractions.swift in Sources */ = {isa = PBXBuildFile; fileRef = 9FB9D5FD2EC804F7008CC099 /* MicroInteractions.swift */; };
		9FB9D6002EC80634008CC099 /* AnimatedComponents.swift in Sources */ = {isa = PBXBuildFile; fileRef = 9FB9D5FF2EC80634008CC099 /* AnimatedComponents.swift */; };
		9FB9D6022ECB7411008CC099 /* ContentView 2.swift in Sources */ = {isa = PBXBuildFile; fileRef = 9FB9D6012ECB7411008CC099 /* ContentView 2.swift */; };
		9FF3A8672EB6833E00B1395B /* GlassCard.swift in Sources */ = {isa = PBXBuildFile; fileRef = 9FF3A8662EB6833E00B1395B /* GlassCard.swift */; };
		9FF3A8692EB684B200B1395B /* GlassButton.swift in Sources */ = {isa = PBXBuildFile; fileRef = 9FF3A8682EB684B200B1395B /* GlassButton.swift */; };
		9FF3A86B2EB689D400B1395B /* GlassBadge.swift in Sources */ = {isa = PBXBuildFile; fileRef = 9FF3A86A2EB689D400B1395B /* GlassBadge.swift */; };
		9FF3A86D2EB68E5000B1395B /* GlassContainer.swift in Sources */ = {isa = PBXBuildFile; fileRef = 9FF3A86C2EB68E5000B1395B /* GlassContainer.swift */; };
		9FF3A86F2EB6905900B1395B /* GlassModifier.swift in Sources */ = {isa = PBXBuildFile; fileRef = 9FF3A86E2EB6905900B1395B /* GlassModifier.swift */; };
		9FF3A8732EB6E6B000B1395B /* BlurStyle.swift in Sources */ = {isa = PBXBuildFile; fileRef = 9FF3A8722EB6E6B000B1395B /* BlurStyle.swift */; };
		9FF3A8752EB6E7EF00B1395B /* GradientEffects.swift in Sources */ = {isa = PBXBuildFile; fileRef = 9FF3A8742EB6E7EF00B1395B /* GradientEffects.swift */; };
		9FF3A8772EB6E94000B1395B /* BackgroundStyle.swift in Sources */ = {isa = PBXBuildFile; fileRef = 9FF3A8762EB6E94000B1395B /* BackgroundStyle.swift */; };
		9FF3A8792EB6EA8200B1395B /* AdvancedModifiers.swift in Sources */ = {isa = PBXBuildFile; fileRef = 9FF3A8782EB6EA8200B1395B /* AdvancedModifiers.swift */; };
/* End PBXBuildFile section */

/* Begin PBXFileReference section */
		9F12A6062EAF07E600B8963D /* DependencyContainer.swift */ = {isa = PBXFileReference; lastKnownFileType = sourcecode.swift; path = DependencyContainer.swift; sourceTree = "<group>"; };
		9F12A6082EAF08BF00B8963D /* LastFMClientProtocol.swift */ = {isa = PBXFileReference; lastKnownFileType = sourcecode.swift; path = LastFMClientProtocol.swift; sourceTree = "<group>"; };
		9F349D8F2EB189CC00612B0E /* MockUsageExamples.swift */ = {isa = PBXFileReference; lastKnownFileType = sourcecode.swift; path = MockUsageExamples.swift; sourceTree = "<group>"; };
		9F349D912EB18A1100612B0E /* MockLastFMClient.swift */ = {isa = PBXFileReference; lastKnownFileType = sourcecode.swift; path = MockLastFMClient.swift; sourceTree = "<group>"; };
		9F349D942EB1920600612B0E /* mainwindow.png */ = {isa = PBXFileReference; lastKnownFileType = image.png; path = mainwindow.png; sourceTree = "<group>"; };
		9F349D952EB1920600612B0E /* popover.png */ = {isa = PBXFileReference; lastKnownFileType = image.png; path = popover.png; sourceTree = "<group>"; };
		9F349D9D2EB4524300612B0E /* Color.swift */ = {isa = PBXFileReference; lastKnownFileType = sourcecode.swift; path = Color.swift; sourceTree = "<group>"; };
		9F349DA02EB45D1F00612B0E /* Typography.swift */ = {isa = PBXFileReference; lastKnownFileType = sourcecode.swift; path = Typography.swift; sourceTree = "<group>"; };
		9F349DA22EB45E2500612B0E /* Spacing.swift */ = {isa = PBXFileReference; lastKnownFileType = sourcecode.swift; path = Spacing.swift; sourceTree = "<group>"; };
		9F349DA42EB45F0000612B0E /* Shadow.swift */ = {isa = PBXFileReference; lastKnownFileType = sourcecode.swift; path = Shadow.swift; sourceTree = "<group>"; };
		9F349DA62EB45F3200612B0E /* Animation.swift */ = {isa = PBXFileReference; lastKnownFileType = sourcecode.swift; path = Animation.swift; sourceTree = "<group>"; };
		9F349DA82EB45FAC00612B0E /* Theme.swift */ = {isa = PBXFileReference; lastKnownFileType = sourcecode.swift; path = Theme.swift; sourceTree = "<group>"; };
		9F349DAA2EB45FEB00612B0E /* ThemeManager.swift */ = {isa = PBXFileReference; lastKnownFileType = sourcecode.swift; path = ThemeManager.swift; sourceTree = "<group>"; };
		9F349DAC2EB460AA00612B0E /* DESIGN_GUIDELINES.md */ = {isa = PBXFileReference; lastKnownFileType = net.daringfireball.markdown; path = DESIGN_GUIDELINES.md; sourceTree = "<group>"; };
		9F3642A22E7E538B00D4E680 /* NowPlaying.app */ = {isa = PBXFileReference; explicitFileType = wrapper.application; includeInIndex = 0; path = NowPlaying.app; sourceTree = BUILT_PRODUCTS_DIR; };
		9F41EA982EAD3F780022F603 /* .gitignore */ = {isa = PBXFileReference; lastKnownFileType = text; path = .gitignore; sourceTree = "<group>"; };
		9F41EA992EAD3F780022F603 /* Info.plist */ = {isa = PBXFileReference; lastKnownFileType = text.plist.xml; path = Info.plist; sourceTree = "<group>"; };
		9F41EA9A2EAD3F780022F603 /* Secrets.xcconfig */ = {isa = PBXFileReference; lastKnownFileType = text.xcconfig; path = Secrets.xcconfig; sourceTree = "<group>"; };
		9F41EA9C2EAD3F780022F603 /* ARCHITECTURE.md */ = {isa = PBXFileReference; lastKnownFileType = net.daringfireball.markdown; path = ARCHITECTURE.md; sourceTree = "<group>"; };
		9F41EA9D2EAD3F780022F603 /* CHANGELOG.md */ = {isa = PBXFileReference; lastKnownFileType = net.daringfireball.markdown; path = CHANGELOG.md; sourceTree = "<group>"; };
		9F41EA9F2EAD3F780022F603 /* Assets.xcassets */ = {isa = PBXFileReference; lastKnownFileType = folder.assetcatalog; path = Assets.xcassets; sourceTree = "<group>"; };
		9F41EAA12EAD3F780022F603 /* ArtworkWidgetView.swift */ = {isa = PBXFileReference; lastKnownFileType = sourcecode.swift; path = ArtworkWidgetView.swift; sourceTree = "<group>"; };
		9F41EAA22EAD3F780022F603 /* ContentView.swift */ = {isa = PBXFileReference; lastKnownFileType = sourcecode.swift; path = ContentView.swift; sourceTree = "<group>"; };
		9F41EAA32EAD3F780022F603 /* LaunchAtLoginManager.swift */ = {isa = PBXFileReference; lastKnownFileType = sourcecode.swift; path = LaunchAtLoginManager.swift; sourceTree = "<group>"; };
		9F41EAA42EAD3F780022F603 /* LaunchAtLoginManagerSimplified.swift */ = {isa = PBXFileReference; lastKnownFileType = sourcecode.swift; path = LaunchAtLoginManagerSimplified.swift; sourceTree = "<group>"; };
		9F41EAA52EAD3F780022F603 /* LaunchAtLoginTestInterface.swift */ = {isa = PBXFileReference; lastKnownFileType = sourcecode.swift; path = LaunchAtLoginTestInterface.swift; sourceTree = "<group>"; };
		9F41EAA62EAD3F780022F603 /* LogListView.swift */ = {isa = PBXFileReference; lastKnownFileType = sourcecode.swift; path = LogListView.swift; sourceTree = "<group>"; };
		9F41EAA72EAD3F780022F603 /* NowPlayingApp.swift */ = {isa = PBXFileReference; lastKnownFileType = sourcecode.swift; path = NowPlayingApp.swift; sourceTree = "<group>"; };
		9F41EAA82EAD3F780022F603 /* PreferencesView.swift */ = {isa = PBXFileReference; lastKnownFileType = sourcecode.swift; path = PreferencesView.swift; sourceTree = "<group>"; };
		9F41EAA92EAD3F780022F603 /* RecentTracksView.swift */ = {isa = PBXFileReference; lastKnownFileType = sourcecode.swift; path = RecentTracksView.swift; sourceTree = "<group>"; };
		9F41EAAB2EAD3F780022F603 /* Config.swift */ = {isa = PBXFileReference; lastKnownFileType = sourcecode.swift; path = Config.swift; sourceTree = "<group>"; };
		9F41EAAC2EAD3F780022F603 /* ConfigurationManager.swift */ = {isa = PBXFileReference; lastKnownFileType = sourcecode.swift; path = ConfigurationManager.swift; sourceTree = "<group>"; };
		9F41EAAE2EAD3F780022F603 /* KeychainError.swift */ = {isa = PBXFileReference; lastKnownFileType = sourcecode.swift; path = KeychainError.swift; sourceTree = "<group>"; };
		9F41EAAF2EAD3F780022F603 /* KeychainHelper.swift */ = {isa = PBXFileReference; lastKnownFileType = sourcecode.swift; path = KeychainHelper.swift; sourceTree = "<group>"; };
		9F41EAB02EAD3F780022F603 /* KeychainItem.swift */ = {isa = PBXFileReference; lastKnownFileType = sourcecode.swift; path = KeychainItem.swift; sourceTree = "<group>"; };
		9F41EAB12EAD3F780022F603 /* KeychainService.swift */ = {isa = PBXFileReference; lastKnownFileType = sourcecode.swift; path = KeychainService.swift; sourceTree = "<group>"; };
		9F41EAB22EAD3F780022F603 /* KeychainServiceProtocol.swift */ = {isa = PBXFileReference; lastKnownFileType = sourcecode.swift; path = KeychainServiceProtocol.swift; sourceTree = "<group>"; };
		9F41EAB42EAD3F780022F603 /* Models.swift */ = {isa = PBXFileReference; lastKnownFileType = sourcecode.swift; path = Models.swift; sourceTree = "<group>"; };
		9F41EAB62EAD3F780022F603 /* CoreDataStack.swift */ = {isa = PBXFileReference; lastKnownFileType = sourcecode.swift; path = CoreDataStack.swift; sourceTree = "<group>"; };
		9F41EAB82EAD3F780022F603 /* LastFMClient.swift */ = {isa = PBXFileReference; lastKnownFileType = sourcecode.swift; path = LastFMClient.swift; sourceTree = "<group>"; };
		9F41EAB92EAD3F780022F603 /* MusicEventListener.swift */ = {isa = PBXFileReference; lastKnownFileType = sourcecode.swift; path = MusicEventListener.swift; sourceTree = "<group>"; };
		9F41EABA2EAD3F780022F603 /* ScrobbleManager.swift */ = {isa = PBXFileReference; lastKnownFileType = sourcecode.swift; path = ScrobbleManager.swift; sourceTree = "<group>"; };
		9F41EABC2EAD3F780022F603 /* ArtworkStore.swift */ = {isa = PBXFileReference; lastKnownFileType = sourcecode.swift; path = ArtworkStore.swift; sourceTree = "<group>"; };
		9F41EABD2EAD3F780022F603 /* Crypto+MD5.swift */ = {isa = PBXFileReference; lastKnownFileType = sourcecode.swift; path = "Crypto+MD5.swift"; sourceTree = "<group>"; };
		9F41EABE2EAD3F780022F603 /* Date+Fmt.swift */ = {isa = PBXFileReference; lastKnownFileType = sourcecode.swift; path = "Date+Fmt.swift"; sourceTree = "<group>"; };
		9F41EAC62EAD3F780022F603 /* NowPlaying.entitlements */ = {isa = PBXFileReference; lastKnownFileType = text.plist.entitlements; path = NowPlaying.entitlements; sourceTree = "<group>"; };
		9F41EAC72EAD3F780022F603 /* NowPlaying.xcodeproj */ = {isa = PBXFileReference; lastKnownFileType = "wrapper.pb-project"; path = NowPlaying.xcodeproj; sourceTree = "<group>"; };
		9F41EAC82EAD3F780022F603 /* README.md */ = {isa = PBXFileReference; lastKnownFileType = net.daringfireball.markdown; path = README.md; sourceTree = "<group>"; };
		9F4C57C62EA31C66000ED6A2 /* ServiceManagement.framework */ = {isa = PBXFileReference; lastKnownFileType = wrapper.framework; name = ServiceManagement.framework; path = System/Library/Frameworks/ServiceManagement.framework; sourceTree = SDKROOT; };
		9F4C57C82EA31C6F000ED6A2 /* CoreServices.framework */ = {isa = PBXFileReference; lastKnownFileType = wrapper.framework; name = CoreServices.framework; path = System/Library/Frameworks/CoreServices.framework; sourceTree = SDKROOT; };
		9FB9D5F92EC7F354008CC099 /* AnimationPreset.swift */ = {isa = PBXFileReference; lastKnownFileType = sourcecode.swift; path = AnimationPreset.swift; sourceTree = "<group>"; };
		9FB9D5FB2EC7F442008CC099 /* TransitionPreset.swift */ = {isa = PBXFileReference; lastKnownFileType = sourcecode.swift; path = TransitionPreset.swift; sourceTree = "<group>"; };
		9FB9D5FD2EC804F7008CC099 /* MicroInteractions.swift */ = {isa = PBXFileReference; lastKnownFileType = sourcecode.swift; path = MicroInteractions.swift; sourceTree = "<group>"; };
		9FB9D5FF2EC80634008CC099 /* AnimatedComponents.swift */ = {isa = PBXFileReference; lastKnownFileType = sourcecode.swift; path = AnimatedComponents.swift; sourceTree = "<group>"; };
		9FB9D6012ECB7411008CC099 /* ContentView 2.swift */ = {isa = PBXFileReference; lastKnownFileType = sourcecode.swift; path = "ContentView 2.swift"; sourceTree = "<group>"; };
		9FF3A8662EB6833E00B1395B /* GlassCard.swift */ = {isa = PBXFileReference; lastKnownFileType = sourcecode.swift; path = GlassCard.swift; sourceTree = "<group>"; };
		9FF3A8682EB684B200B1395B /* GlassButton.swift */ = {isa = PBXFileReference; lastKnownFileType = sourcecode.swift; path = GlassButton.swift; sourceTree = "<group>"; };
		9FF3A86A2EB689D400B1395B /* GlassBadge.swift */ = {isa = PBXFileReference; lastKnownFileType = sourcecode.swift; path = GlassBadge.swift; sourceTree = "<group>"; };
		9FF3A86C2EB68E5000B1395B /* GlassContainer.swift */ = {isa = PBXFileReference; lastKnownFileType = sourcecode.swift; path = GlassContainer.swift; sourceTree = "<group>"; };
		9FF3A86E2EB6905900B1395B /* GlassModifier.swift */ = {isa = PBXFileReference; lastKnownFileType = sourcecode.swift; path = GlassModifier.swift; sourceTree = "<group>"; };
		9FF3A8722EB6E6B000B1395B /* BlurStyle.swift */ = {isa = PBXFileReference; lastKnownFileType = sourcecode.swift; path = BlurStyle.swift; sourceTree = "<group>"; };
		9FF3A8742EB6E7EF00B1395B /* GradientEffects.swift */ = {isa = PBXFileReference; lastKnownFileType = sourcecode.swift; path = GradientEffects.swift; sourceTree = "<group>"; };
		9FF3A8762EB6E94000B1395B /* BackgroundStyle.swift */ = {isa = PBXFileReference; lastKnownFileType = sourcecode.swift; path = BackgroundStyle.swift; sourceTree = "<group>"; };
		9FF3A8782EB6EA8200B1395B /* AdvancedModifiers.swift */ = {isa = PBXFileReference; lastKnownFileType = sourcecode.swift; path = AdvancedModifiers.swift; sourceTree = "<group>"; };
/* End PBXFileReference section */

/* Begin PBXFrameworksBuildPhase section */
		9F36429F2E7E538B00D4E680 /* Frameworks */ = {
			isa = PBXFrameworksBuildPhase;
			buildActionMask = 2147483647;
			files = (
				9F4C57C72EA31C66000ED6A2 /* ServiceManagement.framework in Frameworks */,
				9F4C57C92EA31C6F000ED6A2 /* CoreServices.framework in Frameworks */,
			);
			runOnlyForDeploymentPostprocessing = 0;
		};
/* End PBXFrameworksBuildPhase section */

/* Begin PBXGroup section */
		9F12A6022EAF076E00B8963D /* DependencyInjection */ = {
			isa = PBXGroup;
			children = (
				9F12A6062EAF07E600B8963D /* DependencyContainer.swift */,
			);
			path = DependencyInjection;
			sourceTree = "<group>";
		};
		9F12A6032EAF078100B8963D /* Protocols */ = {
			isa = PBXGroup;
			children = (
				9F12A6082EAF08BF00B8963D /* LastFMClientProtocol.swift */,
			);
			path = Protocols;
			sourceTree = "<group>";
		};
		9F12A6042EAF07A300B8963D /* Mocks */ = {
			isa = PBXGroup;
			children = (
				9F349D912EB18A1100612B0E /* MockLastFMClient.swift */,
				9F349D8F2EB189CC00612B0E /* MockUsageExamples.swift */,
			);
			path = Mocks;
			sourceTree = "<group>";
		};
		9F12A6052EAF07B100B8963D /* Tests */ = {
			isa = PBXGroup;
			children = (
				9F12A6042EAF07A300B8963D /* Mocks */,
			);
			path = Tests;
			sourceTree = "<group>";
		};
		9F349D962EB1920600612B0E /* Screenshots */ = {
			isa = PBXGroup;
			children = (
				9F349D942EB1920600612B0E /* mainwindow.png */,
				9F349D952EB1920600612B0E /* popover.png */,
			);
			path = Screenshots;
			sourceTree = "<group>";
		};
		9F349D992EB44FB600612B0E /* Guidelines */ = {
			isa = PBXGroup;
			children = (
				9F349DAC2EB460AA00612B0E /* DESIGN_GUIDELINES.md */,
			);
			path = Guidelines;
			sourceTree = "<group>";
		};
		9F349D9A2EB44FB600612B0E /* Theme */ = {
			isa = PBXGroup;
			children = (
				9F349DAA2EB45FEB00612B0E /* ThemeManager.swift */,
				9F349DA82EB45FAC00612B0E /* Theme.swift */,
			);
			path = Theme;
			sourceTree = "<group>";
		};
		9F349D9B2EB44FB600612B0E /* Tokens */ = {
			isa = PBXGroup;
			children = (
				9F349DA62EB45F3200612B0E /* Animation.swift */,
				9F349DA42EB45F0000612B0E /* Shadow.swift */,
				9F349DA22EB45E2500612B0E /* Spacing.swift */,
				9F349DA02EB45D1F00612B0E /* Typography.swift */,
				9F349D9D2EB4524300612B0E /* Color.swift */,
			);
			path = Tokens;
			sourceTree = "<group>";
		};
		9F349D9C2EB44FB600612B0E /* DesignSystem */ = {
			isa = PBXGroup;
			children = (
				9FF3A8712EB6E69700B1395B /* Backgrounds */,
				9FF3A8702EB6E68E00B1395B /* Effects */,
				9F349D992EB44FB600612B0E /* Guidelines */,
				9F349D9A2EB44FB600612B0E /* Theme */,
				9F349D9B2EB44FB600612B0E /* Tokens */,
				9FF3A8612EB682D600B1395B /* Components */,
			);
			path = DesignSystem;
			sourceTree = "<group>";
		};
		9F3642992E7E538B00D4E680 = {
			isa = PBXGroup;
			children = (
				9F41EA982EAD3F780022F603 /* .gitignore */,
				9F41EAC62EAD3F780022F603 /* NowPlaying.entitlements */,
				9F41EAC82EAD3F780022F603 /* README.md */,
				9F41EA992EAD3F780022F603 /* Info.plist */,
				9F41EAC72EAD3F780022F603 /* NowPlaying.xcodeproj */,
				9F4C57C52EA31C65000ED6A2 /* Frameworks */,
				9F41EAC52EAD3F780022F603 /* NowPlaying */,
				9F3642A32E7E538B00D4E680 /* Products */,
			);
			sourceTree = "<group>";
		};
		9F3642A32E7E538B00D4E680 /* Products */ = {
			isa = PBXGroup;
			children = (
				9F3642A22E7E538B00D4E680 /* NowPlaying.app */,
			);
			name = Products;
			sourceTree = "<group>";
		};
		9F41EA9B2EAD3F780022F603 /* Configuration */ = {
			isa = PBXGroup;
			children = (
				9F41EA9A2EAD3F780022F603 /* Secrets.xcconfig */,
			);
			path = Configuration;
			sourceTree = "<group>";
		};
		9F41EA9E2EAD3F780022F603 /* Documentation */ = {
			isa = PBXGroup;
			children = (
				9F41EA9C2EAD3F780022F603 /* ARCHITECTURE.md */,
				9F41EA9D2EAD3F780022F603 /* CHANGELOG.md */,
				9F349D962EB1920600612B0E /* Screenshots */,
			);
			path = Documentation;
			sourceTree = "<group>";
		};
		9F41EAA02EAD3F780022F603 /* Resources */ = {
			isa = PBXGroup;
			children = (
				9F41EA9F2EAD3F780022F603 /* Assets.xcassets */,
			);
			path = Resources;
			sourceTree = "<group>";
		};
		9F41EAAA2EAD3F780022F603 /* App */ = {
			isa = PBXGroup;
			children = (
				9F41EAA12EAD3F780022F603 /* ArtworkWidgetView.swift */,
				9F41EAA22EAD3F780022F603 /* ContentView.swift */,
				9FB9D6012ECB7411008CC099 /* ContentView 2.swift */,
				9F41EAA32EAD3F780022F603 /* LaunchAtLoginManager.swift */,
				9F41EAA42EAD3F780022F603 /* LaunchAtLoginManagerSimplified.swift */,
				9F41EAA52EAD3F780022F603 /* LaunchAtLoginTestInterface.swift */,
				9F41EAA62EAD3F780022F603 /* LogListView.swift */,
				9F41EAA72EAD3F780022F603 /* NowPlayingApp.swift */,
				9F41EAA82EAD3F780022F603 /* PreferencesView.swift */,
				9F41EAA92EAD3F780022F603 /* RecentTracksView.swift */,
			);
			path = App;
			sourceTree = "<group>";
		};
		9F41EAAD2EAD3F780022F603 /* Configuration */ = {
			isa = PBXGroup;
			children = (
				9F41EAAB2EAD3F780022F603 /* Config.swift */,
				9F41EAAC2EAD3F780022F603 /* ConfigurationManager.swift */,
			);
			path = Configuration;
			sourceTree = "<group>";
		};
		9F41EAB32EAD3F780022F603 /* Keychain */ = {
			isa = PBXGroup;
			children = (
				9F41EAAE2EAD3F780022F603 /* KeychainError.swift */,
				9F41EAAF2EAD3F780022F603 /* KeychainHelper.swift */,
				9F41EAB02EAD3F780022F603 /* KeychainItem.swift */,
				9F41EAB12EAD3F780022F603 /* KeychainService.swift */,
				9F41EAB22EAD3F780022F603 /* KeychainServiceProtocol.swift */,
			);
			path = Keychain;
			sourceTree = "<group>";
		};
		9F41EAB52EAD3F780022F603 /* Models */ = {
			isa = PBXGroup;
			children = (
				9F41EAB42EAD3F780022F603 /* Models.swift */,
			);
			path = Models;
			sourceTree = "<group>";
		};
		9F41EAB72EAD3F780022F603 /* Persistence */ = {
			isa = PBXGroup;
			children = (
				9F41EAB62EAD3F780022F603 /* CoreDataStack.swift */,
			);
			path = Persistence;
			sourceTree = "<group>";
		};
		9F41EABB2EAD3F780022F603 /* Services */ = {
			isa = PBXGroup;
			children = (
				9F41EAB82EAD3F780022F603 /* LastFMClient.swift */,
				9F41EAB92EAD3F780022F603 /* MusicEventListener.swift */,
				9F41EABA2EAD3F780022F603 /* ScrobbleManager.swift */,
			);
			path = Services;
			sourceTree = "<group>";
		};
		9F41EABF2EAD3F780022F603 /* Utilities */ = {
			isa = PBXGroup;
			children = (
				9F41EABC2EAD3F780022F603 /* ArtworkStore.swift */,
				9F41EABD2EAD3F780022F603 /* Crypto+MD5.swift */,
				9F41EABE2EAD3F780022F603 /* Date+Fmt.swift */,
			);
			path = Utilities;
			sourceTree = "<group>";
		};
		9F41EAC02EAD3F780022F603 /* Core */ = {
			isa = PBXGroup;
			children = (
				9F41EAAD2EAD3F780022F603 /* Configuration */,
				9F12A6022EAF076E00B8963D /* DependencyInjection */,
				9F41EAB32EAD3F780022F603 /* Keychain */,
				9F41EAB52EAD3F780022F603 /* Models */,
				9F41EAB72EAD3F780022F603 /* Persistence */,
				9F12A6032EAF078100B8963D /* Protocols */,
				9F41EABB2EAD3F780022F603 /* Services */,
				9F41EABF2EAD3F780022F603 /* Utilities */,
			);
			path = Core;
			sourceTree = "<group>";
		};
		9F41EAC12EAD3F780022F603 /* Sources */ = {
			isa = PBXGroup;
			children = (
				9F41EAAA2EAD3F780022F603 /* App */,
				9F41EAC02EAD3F780022F603 /* Core */,
				9F349D9C2EB44FB600612B0E /* DesignSystem */,
				9F12A6052EAF07B100B8963D /* Tests */,
			);
			path = Sources;
			sourceTree = "<group>";
		};
		9F41EAC22EAD3F780022F603 /* UITests */ = {
			isa = PBXGroup;
			children = (
			);
			path = UITests;
			sourceTree = "<group>";
		};
		9F41EAC32EAD3F780022F603 /* UnitTests */ = {
			isa = PBXGroup;
			children = (
			);
			path = UnitTests;
			sourceTree = "<group>";
		};
		9F41EAC42EAD3F780022F603 /* Tests */ = {
			isa = PBXGroup;
			children = (
				9F41EAC22EAD3F780022F603 /* UITests */,
				9F41EAC32EAD3F780022F603 /* UnitTests */,
			);
			path = Tests;
			sourceTree = "<group>";
		};
		9F41EAC52EAD3F780022F603 /* NowPlaying */ = {
			isa = PBXGroup;
			children = (
				9F41EA9B2EAD3F780022F603 /* Configuration */,
				9F41EA9E2EAD3F780022F603 /* Documentation */,
				9F41EAA02EAD3F780022F603 /* Resources */,
				9F41EAC12EAD3F780022F603 /* Sources */,
				9F41EAC42EAD3F780022F603 /* Tests */,
			);
			path = NowPlaying;
			sourceTree = "<group>";
		};
		9F41EAC92EAD3F780022F603 /* Products */ = {
			isa = PBXGroup;
			name = Products;
			sourceTree = "<group>";
		};
		9F4C57C52EA31C65000ED6A2 /* Frameworks */ = {
			isa = PBXGroup;
			children = (
				9F4C57C82EA31C6F000ED6A2 /* CoreServices.framework */,
				9F4C57C62EA31C66000ED6A2 /* ServiceManagement.framework */,
			);
			name = Frameworks;
			sourceTree = "<group>";
		};
		9FB9D5F82EC7F327008CC099 /* Animations */ = {
			isa = PBXGroup;
			children = (
				9FB9D5FF2EC80634008CC099 /* AnimatedComponents.swift */,
				9FB9D5FD2EC804F7008CC099 /* MicroInteractions.swift */,
				9FB9D5FB2EC7F442008CC099 /* TransitionPreset.swift */,
				9FB9D5F92EC7F354008CC099 /* AnimationPreset.swift */,
			);
			path = Animations;
			sourceTree = "<group>";
		};
		9FF3A8612EB682D600B1395B /* Components */ = {
			isa = PBXGroup;
			children = (
				9FB9D5F82EC7F327008CC099 /* Animations */,
				9FF3A8632EB682EE00B1395B /* Modifiers */,
				9FF3A8622EB682E400B1395B /* Base */,
			);
			path = Components;
			sourceTree = "<group>";
		};
		9FF3A8622EB682E400B1395B /* Base */ = {
			isa = PBXGroup;
			children = (
				9FF3A86C2EB68E5000B1395B /* GlassContainer.swift */,
				9FF3A86A2EB689D400B1395B /* GlassBadge.swift */,
				9FF3A8682EB684B200B1395B /* GlassButton.swift */,
				9FF3A8662EB6833E00B1395B /* GlassCard.swift */,
			);
			path = Base;
			sourceTree = "<group>";
		};
		9FF3A8632EB682EE00B1395B /* Modifiers */ = {
			isa = PBXGroup;
			children = (
				9FF3A8782EB6EA8200B1395B /* AdvancedModifiers.swift */,
				9FF3A86E2EB6905900B1395B /* GlassModifier.swift */,
			);
			path = Modifiers;
			sourceTree = "<group>";
		};
		9FF3A8702EB6E68E00B1395B /* Effects */ = {
			isa = PBXGroup;
			children = (
				9FF3A8742EB6E7EF00B1395B /* GradientEffects.swift */,
				9FF3A8722EB6E6B000B1395B /* BlurStyle.swift */,
			);
			path = Effects;
			sourceTree = "<group>";
		};
		9FF3A8712EB6E69700B1395B /* Backgrounds */ = {
			isa = PBXGroup;
			children = (
				9FF3A8762EB6E94000B1395B /* BackgroundStyle.swift */,
			);
			path = Backgrounds;
			sourceTree = "<group>";
		};
/* End PBXGroup section */

/* Begin PBXNativeTarget section */
		9F3642A12E7E538B00D4E680 /* NowPlaying */ = {
			isa = PBXNativeTarget;
			buildConfigurationList = 9F3642AD2E7E538C00D4E680 /* Build configuration list for PBXNativeTarget "NowPlaying" */;
			buildPhases = (
				9F36429E2E7E538B00D4E680 /* Sources */,
				9F36429F2E7E538B00D4E680 /* Frameworks */,
				9F3642A02E7E538B00D4E680 /* Resources */,
			);
			buildRules = (
			);
			dependencies = (
			);
			name = NowPlaying;
			packageProductDependencies = (
			);
			productName = NowPlaying;
			productReference = 9F3642A22E7E538B00D4E680 /* NowPlaying.app */;
			productType = "com.apple.product-type.application";
		};
/* End PBXNativeTarget section */

/* Begin PBXProject section */
		9F36429A2E7E538B00D4E680 /* Project object */ = {
			isa = PBXProject;
			attributes = {
				BuildIndependentTargetsInParallel = 1;
				LastSwiftUpdateCheck = 2600;
				LastUpgradeCheck = 2600;
				TargetAttributes = {
					9F3642A12E7E538B00D4E680 = {
						CreatedOnToolsVersion = 26.0;
					};
				};
			};
			buildConfigurationList = 9F36429D2E7E538B00D4E680 /* Build configuration list for PBXProject "NowPlaying" */;
			developmentRegion = en;
			hasScannedForEncodings = 0;
			knownRegions = (
				en,
				Base,
			);
			mainGroup = 9F3642992E7E538B00D4E680;
			minimizedProjectReferenceProxies = 1;
			preferredProjectObjectVersion = 77;
			productRefGroup = 9F3642A32E7E538B00D4E680 /* Products */;
			projectDirPath = "";
			projectReferences = (
				{
					ProductGroup = 9F41EAC92EAD3F780022F603 /* Products */;
					ProjectRef = 9F41EAC72EAD3F780022F603 /* NowPlaying.xcodeproj */;
				},
			);
			projectRoot = "";
			targets = (
				9F3642A12E7E538B00D4E680 /* NowPlaying */,
			);
		};
/* End PBXProject section */

/* Begin PBXResourcesBuildPhase section */
		9F3642A02E7E538B00D4E680 /* Resources */ = {
			isa = PBXResourcesBuildPhase;
			buildActionMask = 2147483647;
			files = (
				9F41EAFE2EAD3F780022F603 /* README.md in Resources */,
				9F41EB2A2EAD3F780022F603 /* Assets.xcassets in Resources */,
				9F41EB452EAD3F780022F603 /* CHANGELOG.md in Resources */,
				9F41EB502EAD3F780022F603 /* .gitignore in Resources */,
				9F41EB662EAD3F780022F603 /* Info.plist in Resources */,
				9F41EB722EAD3F780022F603 /* ARCHITECTURE.md in Resources */,
				9F41EB792EAD3F780022F603 /* Secrets.xcconfig in Resources */,
				9F349D972EB1920600612B0E /* mainwindow.png in Resources */,
				9F349D982EB1920600612B0E /* popover.png in Resources */,
			);
			runOnlyForDeploymentPostprocessing = 0;
		};
/* End PBXResourcesBuildPhase section */

/* Begin PBXSourcesBuildPhase section */
		9F36429E2E7E538B00D4E680 /* Sources */ = {
			isa = PBXSourcesBuildPhase;
			buildActionMask = 2147483647;
			files = (
				9FF3A8692EB684B200B1395B /* GlassButton.swift in Sources */,
				9F41EB7C2EAD3F780022F603 /* KeychainHelper.swift in Sources */,
				9F41EB7D2EAD3F780022F603 /* KeychainError.swift in Sources */,
				9F41EB7E2EAD3F780022F603 /* LogListView.swift in Sources */,
				9FB9D6022ECB7411008CC099 /* ContentView 2.swift in Sources */,
				9FF3A8732EB6E6B000B1395B /* BlurStyle.swift in Sources */,
				9F41EB7F2EAD3F780022F603 /* KeychainService.swift in Sources */,
				9F41EB802EAD3F780022F603 /* CoreDataStack.swift in Sources */,
				9F349DA72EB45F3200612B0E /* Animation.swift in Sources */,
				9FB9D5FC2EC7F442008CC099 /* TransitionPreset.swift in Sources */,
				9F41EB812EAD3F780022F603 /* KeychainServiceProtocol.swift in Sources */,
				9F41EB822EAD3F780022F603 /* LaunchAtLoginManagerSimplified.swift in Sources */,
				9FB9D6002EC80634008CC099 /* AnimatedComponents.swift in Sources */,
				9FF3A86B2EB689D400B1395B /* GlassBadge.swift in Sources */,
				9F41EB832EAD3F780022F603 /* ScrobbleManager.swift in Sources */,
				9F41EB842EAD3F780022F603 /* ConfigurationManager.swift in Sources */,
				9F41EB852EAD3F780022F603 /* RecentTracksView.swift in Sources */,
				9F41EB862EAD3F780022F603 /* LaunchAtLoginTestInterface.swift in Sources */,
				9FB9D5FA2EC7F354008CC099 /* AnimationPreset.swift in Sources */,
				9F12A6072EAF07E600B8963D /* DependencyContainer.swift in Sources */,
				9F41EB872EAD3F780022F603 /* ArtworkWidgetView.swift in Sources */,
				9F349DA52EB45F0000612B0E /* Shadow.swift in Sources */,
				9FF3A8752EB6E7EF00B1395B /* GradientEffects.swift in Sources */,
				9F349D922EB18A1100612B0E /* MockLastFMClient.swift in Sources */,
				9F41EB882EAD3F780022F603 /* Crypto+MD5.swift in Sources */,
				9FF3A8772EB6E94000B1395B /* BackgroundStyle.swift in Sources */,
				9F41EB892EAD3F780022F603 /* LastFMClient.swift in Sources */,
				9FF3A86D2EB68E5000B1395B /* GlassContainer.swift in Sources */,
				9F41EB8A2EAD3F780022F603 /* NowPlayingApp.swift in Sources */,
				9F41EB8B2EAD3F780022F603 /* Config.swift in Sources */,
				9F41EB8C2EAD3F780022F603 /* Models.swift in Sources */,
				9F349D9E2EB4524300612B0E /* Color.swift in Sources */,
				9FF3A8672EB6833E00B1395B /* GlassCard.swift in Sources */,
				9F349DA12EB45D1F00612B0E /* Typography.swift in Sources */,
				9F41EB8D2EAD3F780022F603 /* KeychainItem.swift in Sources */,
				9F12A6092EAF08BF00B8963D /* LastFMClientProtocol.swift in Sources */,
				9F41EB8E2EAD3F780022F603 /* MusicEventListener.swift in Sources */,
				9F349D902EB189CC00612B0E /* MockUsageExamples.swift in Sources */,
				9F349DAB2EB45FEB00612B0E /* ThemeManager.swift in Sources */,
				9F349DA32EB45E2500612B0E /* Spacing.swift in Sources */,
				9F41EB8F2EAD3F780022F603 /* Date+Fmt.swift in Sources */,
				9FF3A8792EB6EA8200B1395B /* AdvancedModifiers.swift in Sources */,
				9FF3A86F2EB6905900B1395B /* GlassModifier.swift in Sources */,
				9F349DAD2EB460D100612B0E /* DESIGN_GUIDELINES.md in Sources */,
				9F41EB902EAD3F780022F603 /* ArtworkStore.swift in Sources */,
				9F41EB912EAD3F780022F603 /* LaunchAtLoginManager.swift in Sources */,
				9FB9D5FE2EC804F7008CC099 /* MicroInteractions.swift in Sources */,
				9F41EB922EAD3F780022F603 /* ContentView.swift in Sources */,
				9F41EB932EAD3F780022F603 /* PreferencesView.swift in Sources */,
				9F349DA92EB45FAC00612B0E /* Theme.swift in Sources */,
			);
			runOnlyForDeploymentPostprocessing = 0;
		};
/* End PBXSourcesBuildPhase section */

/* Begin XCBuildConfiguration section */
		9F3642AB2E7E538C00D4E680 /* Debug */ = {
			isa = XCBuildConfiguration;
			buildSettings = {
				ALWAYS_SEARCH_USER_PATHS = NO;
				ASSETCATALOG_COMPILER_GENERATE_SWIFT_ASSET_SYMBOL_EXTENSIONS = YES;
				CLANG_ANALYZER_NONNULL = YES;
				CLANG_ANALYZER_NUMBER_OBJECT_CONVERSION = YES_AGGRESSIVE;
				CLANG_CXX_LANGUAGE_STANDARD = "gnu++20";
				CLANG_ENABLE_MODULES = YES;
				CLANG_ENABLE_OBJC_ARC = YES;
				CLANG_ENABLE_OBJC_WEAK = YES;
				CLANG_WARN_BLOCK_CAPTURE_AUTORELEASING = YES;
				CLANG_WARN_BOOL_CONVERSION = YES;
				CLANG_WARN_COMMA = YES;
				CLANG_WARN_CONSTANT_CONVERSION = YES;
				CLANG_WARN_DEPRECATED_OBJC_IMPLEMENTATIONS = YES;
				CLANG_WARN_DIRECT_OBJC_ISA_USAGE = YES_ERROR;
				CLANG_WARN_DOCUMENTATION_COMMENTS = YES;
				CLANG_WARN_EMPTY_BODY = YES;
				CLANG_WARN_ENUM_CONVERSION = YES;
				CLANG_WARN_INFINITE_RECURSION = YES;
				CLANG_WARN_INT_CONVERSION = YES;
				CLANG_WARN_NON_LITERAL_NULL_CONVERSION = YES;
				CLANG_WARN_OBJC_IMPLICIT_RETAIN_SELF = YES;
				CLANG_WARN_OBJC_LITERAL_CONVERSION = YES;
				CLANG_WARN_OBJC_ROOT_CLASS = YES_ERROR;
				CLANG_WARN_QUOTED_INCLUDE_IN_FRAMEWORK_HEADER = YES;
				CLANG_WARN_RANGE_LOOP_ANALYSIS = YES;
				CLANG_WARN_STRICT_PROTOTYPES = YES;
				CLANG_WARN_SUSPICIOUS_MOVE = YES;
				CLANG_WARN_UNGUARDED_AVAILABILITY = YES_AGGRESSIVE;
				CLANG_WARN_UNREACHABLE_CODE = YES;
				CLANG_WARN__DUPLICATE_METHOD_MATCH = YES;
				COPY_PHASE_STRIP = NO;
				DEBUG_INFORMATION_FORMAT = dwarf;
				DEVELOPMENT_TEAM = F83F7B693P;
				ENABLE_STRICT_OBJC_MSGSEND = YES;
				ENABLE_TESTABILITY = YES;
				ENABLE_USER_SCRIPT_SANDBOXING = YES;
				GCC_C_LANGUAGE_STANDARD = gnu17;
				GCC_DYNAMIC_NO_PIC = NO;
				GCC_NO_COMMON_BLOCKS = YES;
				GCC_OPTIMIZATION_LEVEL = 0;
				GCC_PREPROCESSOR_DEFINITIONS = (
					"DEBUG=1",
					"$(inherited)",
				);
				GCC_WARN_64_TO_32_BIT_CONVERSION = YES;
				GCC_WARN_ABOUT_RETURN_TYPE = YES_ERROR;
				GCC_WARN_UNDECLARED_SELECTOR = YES;
				GCC_WARN_UNINITIALIZED_AUTOS = YES_AGGRESSIVE;
				GCC_WARN_UNUSED_FUNCTION = YES;
				GCC_WARN_UNUSED_VARIABLE = YES;
				LOCALIZATION_PREFERS_STRING_CATALOGS = YES;
				MACOSX_DEPLOYMENT_TARGET = 26.0;
				MTL_ENABLE_DEBUG_INFO = INCLUDE_SOURCE;
				MTL_FAST_MATH = YES;
				ONLY_ACTIVE_ARCH = YES;
				SDKROOT = macosx;
				SWIFT_ACTIVE_COMPILATION_CONDITIONS = "DEBUG $(inherited)";
				SWIFT_OPTIMIZATION_LEVEL = "-Onone";
			};
			name = Debug;
		};
		9F3642AC2E7E538C00D4E680 /* Release */ = {
			isa = XCBuildConfiguration;
			buildSettings = {
				ALWAYS_SEARCH_USER_PATHS = NO;
				ASSETCATALOG_COMPILER_GENERATE_SWIFT_ASSET_SYMBOL_EXTENSIONS = YES;
				CLANG_ANALYZER_NONNULL = YES;
				CLANG_ANALYZER_NUMBER_OBJECT_CONVERSION = YES_AGGRESSIVE;
				CLANG_CXX_LANGUAGE_STANDARD = "gnu++20";
				CLANG_ENABLE_MODULES = YES;
				CLANG_ENABLE_OBJC_ARC = YES;
				CLANG_ENABLE_OBJC_WEAK = YES;
				CLANG_WARN_BLOCK_CAPTURE_AUTORELEASING = YES;
				CLANG_WARN_BOOL_CONVERSION = YES;
				CLANG_WARN_COMMA = YES;
				CLANG_WARN_CONSTANT_CONVERSION = YES;
				CLANG_WARN_DEPRECATED_OBJC_IMPLEMENTATIONS = YES;
				CLANG_WARN_DIRECT_OBJC_ISA_USAGE = YES_ERROR;
				CLANG_WARN_DOCUMENTATION_COMMENTS = YES;
				CLANG_WARN_EMPTY_BODY = YES;
				CLANG_WARN_ENUM_CONVERSION = YES;
				CLANG_WARN_INFINITE_RECURSION = YES;
				CLANG_WARN_INT_CONVERSION = YES;
				CLANG_WARN_NON_LITERAL_NULL_CONVERSION = YES;
				CLANG_WARN_OBJC_IMPLICIT_RETAIN_SELF = YES;
				CLANG_WARN_OBJC_LITERAL_CONVERSION = YES;
				CLANG_WARN_OBJC_ROOT_CLASS = YES_ERROR;
				CLANG_WARN_QUOTED_INCLUDE_IN_FRAMEWORK_HEADER = YES;
				CLANG_WARN_RANGE_LOOP_ANALYSIS = YES;
				CLANG_WARN_STRICT_PROTOTYPES = YES;
				CLANG_WARN_SUSPICIOUS_MOVE = YES;
				CLANG_WARN_UNGUARDED_AVAILABILITY = YES_AGGRESSIVE;
				CLANG_WARN_UNREACHABLE_CODE = YES;
				CLANG_WARN__DUPLICATE_METHOD_MATCH = YES;
				COPY_PHASE_STRIP = NO;
				DEBUG_INFORMATION_FORMAT = "dwarf-with-dsym";
				DEVELOPMENT_TEAM = F83F7B693P;
				ENABLE_NS_ASSERTIONS = NO;
				ENABLE_STRICT_OBJC_MSGSEND = YES;
				ENABLE_USER_SCRIPT_SANDBOXING = YES;
				GCC_C_LANGUAGE_STANDARD = gnu17;
				GCC_NO_COMMON_BLOCKS = YES;
				GCC_WARN_64_TO_32_BIT_CONVERSION = YES;
				GCC_WARN_ABOUT_RETURN_TYPE = YES_ERROR;
				GCC_WARN_UNDECLARED_SELECTOR = YES;
				GCC_WARN_UNINITIALIZED_AUTOS = YES_AGGRESSIVE;
				GCC_WARN_UNUSED_FUNCTION = YES;
				GCC_WARN_UNUSED_VARIABLE = YES;
				LOCALIZATION_PREFERS_STRING_CATALOGS = YES;
				MACOSX_DEPLOYMENT_TARGET = 26.0;
				MTL_ENABLE_DEBUG_INFO = NO;
				MTL_FAST_MATH = YES;
				SDKROOT = macosx;
				SWIFT_COMPILATION_MODE = wholemodule;
			};
			name = Release;
		};
		9F3642AE2E7E538C00D4E680 /* Debug */ = {
			isa = XCBuildConfiguration;
			baseConfigurationReference = 9F41EA9A2EAD3F780022F603 /* Secrets.xcconfig */;
			buildSettings = {
				ASSETCATALOG_COMPILER_APPICON_NAME = AppIcon;
				ASSETCATALOG_COMPILER_GLOBAL_ACCENT_COLOR_NAME = AccentColor;
				ASSETCATALOG_COMPILER_INCLUDE_ALL_APPICON_ASSETS = YES;
				CODE_SIGN_STYLE = Automatic;
				COMBINE_HIDPI_IMAGES = YES;
				CURRENT_PROJECT_VERSION = 3;
				DEVELOPMENT_TEAM = F83F7B693P;
				ENABLE_APP_SANDBOX = YES;
				ENABLE_HARDENED_RUNTIME = YES;
				ENABLE_INCOMING_NETWORK_CONNECTIONS = NO;
				ENABLE_OUTGOING_NETWORK_CONNECTIONS = YES;
				ENABLE_PREVIEWS = YES;
				ENABLE_RESOURCE_ACCESS_AUDIO_INPUT = NO;
				ENABLE_RESOURCE_ACCESS_BLUETOOTH = NO;
				ENABLE_RESOURCE_ACCESS_CALENDARS = NO;
				ENABLE_RESOURCE_ACCESS_CAMERA = NO;
				ENABLE_RESOURCE_ACCESS_CONTACTS = NO;
				ENABLE_RESOURCE_ACCESS_LOCATION = NO;
				ENABLE_RESOURCE_ACCESS_PRINTING = NO;
				ENABLE_RESOURCE_ACCESS_USB = NO;
				GENERATE_INFOPLIST_FILE = YES;
				INFOPLIST_KEY_CFBundleDisplayName = "Now Playing";
				INFOPLIST_KEY_LSApplicationCategoryType = "public.app-category.music";
				INFOPLIST_KEY_NSHumanReadableCopyright = "";
				LD_RUNPATH_SEARCH_PATHS = (
					"$(inherited)",
					"@executable_path/../Frameworks",
				);
				MACOSX_DEPLOYMENT_TARGET = 15.6;
				MARKETING_VERSION = 0.9.10;
				PRODUCT_BUNDLE_IDENTIFIER = com.diegocastilho.NowPlaying;
				PRODUCT_NAME = "$(TARGET_NAME)";
				REGISTER_APP_GROUPS = YES;
				STRING_CATALOG_GENERATE_SYMBOLS = YES;
				SWIFT_APPROACHABLE_CONCURRENCY = YES;
				SWIFT_DEFAULT_ACTOR_ISOLATION = MainActor;
				SWIFT_EMIT_LOC_STRINGS = YES;
				SWIFT_UPCOMING_FEATURE_MEMBER_IMPORT_VISIBILITY = YES;
				SWIFT_VERSION = 5.0;
			};
			name = Debug;
		};
		9F3642AF2E7E538C00D4E680 /* Release */ = {
			isa = XCBuildConfiguration;
			baseConfigurationReference = 9F41EA9A2EAD3F780022F603 /* Secrets.xcconfig */;
			buildSettings = {
				ASSETCATALOG_COMPILER_APPICON_NAME = AppIcon;
				ASSETCATALOG_COMPILER_GLOBAL_ACCENT_COLOR_NAME = AccentColor;
				ASSETCATALOG_COMPILER_INCLUDE_ALL_APPICON_ASSETS = YES;
				CODE_SIGN_STYLE = Automatic;
				COMBINE_HIDPI_IMAGES = YES;
				CURRENT_PROJECT_VERSION = 3;
				DEVELOPMENT_TEAM = F83F7B693P;
				ENABLE_APP_SANDBOX = YES;
				ENABLE_HARDENED_RUNTIME = YES;
				ENABLE_INCOMING_NETWORK_CONNECTIONS = NO;
				ENABLE_OUTGOING_NETWORK_CONNECTIONS = YES;
				ENABLE_PREVIEWS = YES;
				ENABLE_RESOURCE_ACCESS_AUDIO_INPUT = NO;
				ENABLE_RESOURCE_ACCESS_BLUETOOTH = NO;
				ENABLE_RESOURCE_ACCESS_CALENDARS = NO;
				ENABLE_RESOURCE_ACCESS_CAMERA = NO;
				ENABLE_RESOURCE_ACCESS_CONTACTS = NO;
				ENABLE_RESOURCE_ACCESS_LOCATION = NO;
				ENABLE_RESOURCE_ACCESS_PRINTING = NO;
				ENABLE_RESOURCE_ACCESS_USB = NO;
				GENERATE_INFOPLIST_FILE = YES;
				INFOPLIST_KEY_CFBundleDisplayName = "Now Playing";
				INFOPLIST_KEY_LSApplicationCategoryType = "public.app-category.music";
				INFOPLIST_KEY_NSHumanReadableCopyright = "";
				LD_RUNPATH_SEARCH_PATHS = (
					"$(inherited)",
					"@executable_path/../Frameworks",
				);
				MACOSX_DEPLOYMENT_TARGET = 15.6;
				MARKETING_VERSION = 0.9.10;
				PRODUCT_BUNDLE_IDENTIFIER = com.diegocastilho.NowPlaying;
				PRODUCT_NAME = "$(TARGET_NAME)";
				REGISTER_APP_GROUPS = YES;
				STRING_CATALOG_GENERATE_SYMBOLS = YES;
				SWIFT_APPROACHABLE_CONCURRENCY = YES;
				SWIFT_DEFAULT_ACTOR_ISOLATION = MainActor;
				SWIFT_EMIT_LOC_STRINGS = YES;
				SWIFT_UPCOMING_FEATURE_MEMBER_IMPORT_VISIBILITY = YES;
				SWIFT_VERSION = 5.0;
			};
			name = Release;
		};
/* End XCBuildConfiguration section */

/* Begin XCConfigurationList section */
		9F36429D2E7E538B00D4E680 /* Build configuration list for PBXProject "NowPlaying" */ = {
			isa = XCConfigurationList;
			buildConfigurations = (
				9F3642AB2E7E538C00D4E680 /* Debug */,
				9F3642AC2E7E538C00D4E680 /* Release */,
			);
			defaultConfigurationIsVisible = 0;
			defaultConfigurationName = Release;
		};
		9F3642AD2E7E538C00D4E680 /* Build configuration list for PBXNativeTarget "NowPlaying" */ = {
			isa = XCConfigurationList;
			buildConfigurations = (
				9F3642AE2E7E538C00D4E680 /* Debug */,
				9F3642AF2E7E538C00D4E680 /* Release */,
			);
			defaultConfigurationIsVisible = 0;
			defaultConfigurationName = Release;
		};
/* End XCConfigurationList section */
	};
	rootObject = 9F36429A2E7E538B00D4E680 /* Project object */;
}
