// !$*UTF8*$!
{
	archiveVersion = 1;
	classes = {
	};
	objectVersion = 77;
	objects = {

/* Begin PBXBuildFile section */
		9F41EAFE2EAD3F780022F603 /* README.md in Resources */ = {isa = PBXBuildFile; fileRef = 9F41EAC82EAD3F780022F603 /* README.md */; };
		9F41EB2A2EAD3F780022F603 /* Assets.xcassets in Resources */ = {isa = PBXBuildFile; fileRef = 9F41EA9F2EAD3F780022F603 /* Assets.xcassets */; };
		9F41EB452EAD3F780022F603 /* CHANGELOG.md in Resources */ = {isa = PBXBuildFile; fileRef = 9F41EA9D2EAD3F780022F603 /* CHANGELOG.md */; };
		9F41EB502EAD3F780022F603 /* .gitignore in Resources */ = {isa = PBXBuildFile; fileRef = 9F41EA982EAD3F780022F603 /* .gitignore */; };
		9F41EB662EAD3F780022F603 /* Info.plist in Resources */ = {isa = PBXBuildFile; fileRef = 9F41EA992EAD3F780022F603 /* Info.plist */; };
		9F41EB722EAD3F780022F603 /* ARCHITECTURE.md in Resources */ = {isa = PBXBuildFile; fileRef = 9F41EA9C2EAD3F780022F603 /* ARCHITECTURE.md */; };
		9F41EB792EAD3F780022F603 /* Secrets.xcconfig in Resources */ = {isa = PBXBuildFile; fileRef = 9F41EA9A2EAD3F780022F603 /* Secrets.xcconfig */; };
		9F41EB7C2EAD3F780022F603 /* KeychainHelper.swift in Sources */ = {isa = PBXBuildFile; fileRef = 9F41EAAF2EAD3F780022F603 /* KeychainHelper.swift */; };
		9F41EB7D2EAD3F780022F603 /* KeychainError.swift in Sources */ = {isa = PBXBuildFile; fileRef = 9F41EAAE2EAD3F780022F603 /* KeychainError.swift */; };
		9F41EB7E2EAD3F780022F603 /* LogListView.swift in Sources */ = {isa = PBXBuildFile; fileRef = 9F41EAA62EAD3F780022F603 /* LogListView.swift */; };
		9F41EB7F2EAD3F780022F603 /* KeychainService.swift in Sources */ = {isa = PBXBuildFile; fileRef = 9F41EAB12EAD3F780022F603 /* KeychainService.swift */; };
		9F41EB802EAD3F780022F603 /* CoreDataStack.swift in Sources */ = {isa = PBXBuildFile; fileRef = 9F41EAB62EAD3F780022F603 /* CoreDataStack.swift */; };
		9F41EB812EAD3F780022F603 /* KeychainServiceProtocol.swift in Sources */ = {isa = PBXBuildFile; fileRef = 9F41EAB22EAD3F780022F603 /* KeychainServiceProtocol.swift */; };
		9F41EB822EAD3F780022F603 /* LaunchAtLoginManagerSimplified.swift in Sources */ = {isa = PBXBuildFile; fileRef = 9F41EAA42EAD3F780022F603 /* LaunchAtLoginManagerSimplified.swift */; };
		9F41EB832EAD3F780022F603 /* ScrobbleManager.swift in Sources */ = {isa = PBXBuildFile; fileRef = 9F41EABA2EAD3F780022F603 /* ScrobbleManager.swift */; };
		9F41EB842EAD3F780022F603 /* ConfigurationManager.swift in Sources */ = {isa = PBXBuildFile; fileRef = 9F41EAAC2EAD3F780022F603 /* ConfigurationManager.swift */; };
		9F41EB852EAD3F780022F603 /* RecentTracksView.swift in Sources */ = {isa = PBXBuildFile; fileRef = 9F41EAA92EAD3F780022F603 /* RecentTracksView.swift */; };
		9F41EB862EAD3F780022F603 /* LaunchAtLoginTestInterface.swift in Sources */ = {isa = PBXBuildFile; fileRef = 9F41EAA52EAD3F780022F603 /* LaunchAtLoginTestInterface.swift */; };
		9F41EB872EAD3F780022F603 /* ArtworkWidgetView.swift in Sources */ = {isa = PBXBuildFile; fileRef = 9F41EAA12EAD3F780022F603 /* ArtworkWidgetView.swift */; };
		9F41EB882EAD3F780022F603 /* Crypto+MD5.swift in Sources */ = {isa = PBXBuildFile; fileRef = 9F41EABD2EAD3F780022F603 /* Crypto+MD5.swift */; };
		9F41EB892EAD3F780022F603 /* LastFMClient.swift in Sources */ = {isa = PBXBuildFile; fileRef = 9F41EAB82EAD3F780022F603 /* LastFMClient.swift */; };
		9F41EB8A2EAD3F780022F603 /* NowPlayingApp.swift in Sources */ = {isa = PBXBuildFile; fileRef = 9F41EAA72EAD3F780022F603 /* NowPlayingApp.swift */; };
		9F41EB8B2EAD3F780022F603 /* Config.swift in Sources */ = {isa = PBXBuildFile; fileRef = 9F41EAAB2EAD3F780022F603 /* Config.swift */; };
		9F41EB8C2EAD3F780022F603 /* Models.swift in Sources */ = {isa = PBXBuildFile; fileRef = 9F41EAB42EAD3F780022F603 /* Models.swift */; };
		9F41EB8D2EAD3F780022F603 /* KeychainItem.swift in Sources */ = {isa = PBXBuildFile; fileRef = 9F41EAB02EAD3F780022F603 /* KeychainItem.swift */; };
		9F41EB8E2EAD3F780022F603 /* MusicEventListener.swift in Sources */ = {isa = PBXBuildFile; fileRef = 9F41EAB92EAD3F780022F603 /* MusicEventListener.swift */; };
		9F41EB8F2EAD3F780022F603 /* Date+Fmt.swift in Sources */ = {isa = PBXBuildFile; fileRef = 9F41EABE2EAD3F780022F603 /* Date+Fmt.swift */; };
		9F41EB902EAD3F780022F603 /* ArtworkStore.swift in Sources */ = {isa = PBXBuildFile; fileRef = 9F41EABC2EAD3F780022F603 /* ArtworkStore.swift */; };
		9F41EB912EAD3F780022F603 /* LaunchAtLoginManager.swift in Sources */ = {isa = PBXBuildFile; fileRef = 9F41EAA32EAD3F780022F603 /* LaunchAtLoginManager.swift */; };
		9F41EB922EAD3F780022F603 /* ContentView.swift in Sources */ = {isa = PBXBuildFile; fileRef = 9F41EAA22EAD3F780022F603 /* ContentView.swift */; };
		9F41EB932EAD3F780022F603 /* PreferencesView.swift in Sources */ = {isa = PBXBuildFile; fileRef = 9F41EAA82EAD3F780022F603 /* PreferencesView.swift */; };
		9F4C57C72EA31C66000ED6A2 /* ServiceManagement.framework in Frameworks */ = {isa = PBXBuildFile; fileRef = 9F4C57C62EA31C66000ED6A2 /* ServiceManagement.framework */; };
		9F4C57C92EA31C6F000ED6A2 /* CoreServices.framework in Frameworks */ = {isa = PBXBuildFile; fileRef = 9F4C57C82EA31C6F000ED6A2 /* CoreServices.framework */; };
/* End PBXBuildFile section */

/* Begin PBXFileReference section */
		9F3642A22E7E538B00D4E680 /* NowPlaying.app */ = {isa = PBXFileReference; explicitFileType = wrapper.application; includeInIndex = 0; path = NowPlaying.app; sourceTree = BUILT_PRODUCTS_DIR; };
		9F41EA982EAD3F780022F603 /* .gitignore */ = {isa = PBXFileReference; lastKnownFileType = text; path = .gitignore; sourceTree = "<group>"; };
		9F41EA992EAD3F780022F603 /* Info.plist */ = {isa = PBXFileReference; lastKnownFileType = text.plist.xml; path = Info.plist; sourceTree = "<group>"; };
		9F41EA9A2EAD3F780022F603 /* Secrets.xcconfig */ = {isa = PBXFileReference; lastKnownFileType = text.xcconfig; path = Secrets.xcconfig; sourceTree = "<group>"; };
		9F41EA9C2EAD3F780022F603 /* ARCHITECTURE.md */ = {isa = PBXFileReference; lastKnownFileType = net.daringfireball.markdown; path = ARCHITECTURE.md; sourceTree = "<group>"; };
		9F41EA9D2EAD3F780022F603 /* CHANGELOG.md */ = {isa = PBXFileReference; lastKnownFileType = net.daringfireball.markdown; path = CHANGELOG.md; sourceTree = "<group>"; };
		9F41EA9F2EAD3F780022F603 /* Assets.xcassets */ = {isa = PBXFileReference; lastKnownFileType = folder.assetcatalog; path = Assets.xcassets; sourceTree = "<group>"; };
		9F41EAA12EAD3F780022F603 /* ArtworkWidgetView.swift */ = {isa = PBXFileReference; lastKnownFileType = sourcecode.swift; path = ArtworkWidgetView.swift; sourceTree = "<group>"; };
		9F41EAA22EAD3F780022F603 /* ContentView.swift */ = {isa = PBXFileReference; lastKnownFileType = sourcecode.swift; path = ContentView.swift; sourceTree = "<group>"; };
		9F41EAA32EAD3F780022F603 /* LaunchAtLoginManager.swift */ = {isa = PBXFileReference; lastKnownFileType = sourcecode.swift; path = LaunchAtLoginManager.swift; sourceTree = "<group>"; };
		9F41EAA42EAD3F780022F603 /* LaunchAtLoginManagerSimplified.swift */ = {isa = PBXFileReference; lastKnownFileType = sourcecode.swift; path = LaunchAtLoginManagerSimplified.swift; sourceTree = "<group>"; };
		9F41EAA52EAD3F780022F603 /* LaunchAtLoginTestInterface.swift */ = {isa = PBXFileReference; lastKnownFileType = sourcecode.swift; path = LaunchAtLoginTestInterface.swift; sourceTree = "<group>"; };
		9F41EAA62EAD3F780022F603 /* LogListView.swift */ = {isa = PBXFileReference; lastKnownFileType = sourcecode.swift; path = LogListView.swift; sourceTree = "<group>"; };
		9F41EAA72EAD3F780022F603 /* NowPlayingApp.swift */ = {isa = PBXFileReference; lastKnownFileType = sourcecode.swift; path = NowPlayingApp.swift; sourceTree = "<group>"; };
		9F41EAA82EAD3F780022F603 /* PreferencesView.swift */ = {isa = PBXFileReference; lastKnownFileType = sourcecode.swift; path = PreferencesView.swift; sourceTree = "<group>"; };
		9F41EAA92EAD3F780022F603 /* RecentTracksView.swift */ = {isa = PBXFileReference; lastKnownFileType = sourcecode.swift; path = RecentTracksView.swift; sourceTree = "<group>"; };
		9F41EAAB2EAD3F780022F603 /* Config.swift */ = {isa = PBXFileReference; lastKnownFileType = sourcecode.swift; path = Config.swift; sourceTree = "<group>"; };
		9F41EAAC2EAD3F780022F603 /* ConfigurationManager.swift */ = {isa = PBXFileReference; lastKnownFileType = sourcecode.swift; path = ConfigurationManager.swift; sourceTree = "<group>"; };
		9F41EAAE2EAD3F780022F603 /* KeychainError.swift */ = {isa = PBXFileReference; lastKnownFileType = sourcecode.swift; path = KeychainError.swift; sourceTree = "<group>"; };
		9F41EAAF2EAD3F780022F603 /* KeychainHelper.swift */ = {isa = PBXFileReference; lastKnownFileType = sourcecode.swift; path = KeychainHelper.swift; sourceTree = "<group>"; };
		9F41EAB02EAD3F780022F603 /* KeychainItem.swift */ = {isa = PBXFileReference; lastKnownFileType = sourcecode.swift; path = KeychainItem.swift; sourceTree = "<group>"; };
		9F41EAB12EAD3F780022F603 /* KeychainService.swift */ = {isa = PBXFileReference; lastKnownFileType = sourcecode.swift; path = KeychainService.swift; sourceTree = "<group>"; };
		9F41EAB22EAD3F780022F603 /* KeychainServiceProtocol.swift */ = {isa = PBXFileReference; lastKnownFileType = sourcecode.swift; path = KeychainServiceProtocol.swift; sourceTree = "<group>"; };
		9F41EAB42EAD3F780022F603 /* Models.swift */ = {isa = PBXFileReference; lastKnownFileType = sourcecode.swift; path = Models.swift; sourceTree = "<group>"; };
		9F41EAB62EAD3F780022F603 /* CoreDataStack.swift */ = {isa = PBXFileReference; lastKnownFileType = sourcecode.swift; path = CoreDataStack.swift; sourceTree = "<group>"; };
		9F41EAB82EAD3F780022F603 /* LastFMClient.swift */ = {isa = PBXFileReference; lastKnownFileType = sourcecode.swift; path = LastFMClient.swift; sourceTree = "<group>"; };
		9F41EAB92EAD3F780022F603 /* MusicEventListener.swift */ = {isa = PBXFileReference; lastKnownFileType = sourcecode.swift; path = MusicEventListener.swift; sourceTree = "<group>"; };
		9F41EABA2EAD3F780022F603 /* ScrobbleManager.swift */ = {isa = PBXFileReference; lastKnownFileType = sourcecode.swift; path = ScrobbleManager.swift; sourceTree = "<group>"; };
		9F41EABC2EAD3F780022F603 /* ArtworkStore.swift */ = {isa = PBXFileReference; lastKnownFileType = sourcecode.swift; path = ArtworkStore.swift; sourceTree = "<group>"; };
		9F41EABD2EAD3F780022F603 /* Crypto+MD5.swift */ = {isa = PBXFileReference; lastKnownFileType = sourcecode.swift; path = "Crypto+MD5.swift"; sourceTree = "<group>"; };
		9F41EABE2EAD3F780022F603 /* Date+Fmt.swift */ = {isa = PBXFileReference; lastKnownFileType = sourcecode.swift; path = "Date+Fmt.swift"; sourceTree = "<group>"; };
		9F41EAC62EAD3F780022F603 /* NowPlaying.entitlements */ = {isa = PBXFileReference; lastKnownFileType = text.plist.entitlements; path = NowPlaying.entitlements; sourceTree = "<group>"; };
		9F41EAC72EAD3F780022F603 /* NowPlaying.xcodeproj */ = {isa = PBXFileReference; lastKnownFileType = "wrapper.pb-project"; path = NowPlaying.xcodeproj; sourceTree = "<group>"; };
		9F41EAC82EAD3F780022F603 /* README.md */ = {isa = PBXFileReference; lastKnownFileType = net.daringfireball.markdown; path = README.md; sourceTree = "<group>"; };
		9F4C57C62EA31C66000ED6A2 /* ServiceManagement.framework */ = {isa = PBXFileReference; lastKnownFileType = wrapper.framework; name = ServiceManagement.framework; path = System/Library/Frameworks/ServiceManagement.framework; sourceTree = SDKROOT; };
		9F4C57C82EA31C6F000ED6A2 /* CoreServices.framework */ = {isa = PBXFileReference; lastKnownFileType = wrapper.framework; name = CoreServices.framework; path = System/Library/Frameworks/CoreServices.framework; sourceTree = SDKROOT; };
/* End PBXFileReference section */

/* Begin PBXFrameworksBuildPhase section */
		9F36429F2E7E538B00D4E680 /* Frameworks */ = {
			isa = PBXFrameworksBuildPhase;
			buildActionMask = 2147483647;
			files = (
				9F4C57C72EA31C66000ED6A2 /* ServiceManagement.framework in Frameworks */,
				9F4C57C92EA31C6F000ED6A2 /* CoreServices.framework in Frameworks */,
			);
			runOnlyForDeploymentPostprocessing = 0;
		};
/* End PBXFrameworksBuildPhase section */

/* Begin PBXGroup section */
		9F3642992E7E538B00D4E680 = {
			isa = PBXGroup;
			children = (
				9F41EA982EAD3F780022F603 /* .gitignore */,
				9F41EAC62EAD3F780022F603 /* NowPlaying.entitlements */,
				9F41EAC82EAD3F780022F603 /* README.md */,
				9F41EA992EAD3F780022F603 /* Info.plist */,
				9F41EAC72EAD3F780022F603 /* NowPlaying.xcodeproj */,
				9F4C57C52EA31C65000ED6A2 /* Frameworks */,
				9F41EAC52EAD3F780022F603 /* NowPlaying */,
				9F3642A32E7E538B00D4E680 /* Products */,
			);
			sourceTree = "<group>";
		};
		9F3642A32E7E538B00D4E680 /* Products */ = {
			isa = PBXGroup;
			children = (
				9F3642A22E7E538B00D4E680 /* NowPlaying.app */,
			);
			name = Products;
			sourceTree = "<group>";
		};
		9F41EA9B2EAD3F780022F603 /* Configuration */ = {
			isa = PBXGroup;
			children = (
				9F41EA9A2EAD3F780022F603 /* Secrets.xcconfig */,
			);
			path = Configuration;
			sourceTree = "<group>";
		};
		9F41EA9E2EAD3F780022F603 /* Documentation */ = {
			isa = PBXGroup;
			children = (
				9F41EA9C2EAD3F780022F603 /* ARCHITECTURE.md */,
				9F41EA9D2EAD3F780022F603 /* CHANGELOG.md */,
			);
			path = Documentation;
			sourceTree = "<group>";
		};
		9F41EAA02EAD3F780022F603 /* Resources */ = {
			isa = PBXGroup;
			children = (
				9F41EA9F2EAD3F780022F603 /* Assets.xcassets */,
			);
			path = Resources;
			sourceTree = "<group>";
		};
		9F41EAAA2EAD3F780022F603 /* App */ = {
			isa = PBXGroup;
			children = (
				9F41EAA12EAD3F780022F603 /* ArtworkWidgetView.swift */,
				9F41EAA22EAD3F780022F603 /* ContentView.swift */,
				9F41EAA32EAD3F780022F603 /* LaunchAtLoginManager.swift */,
				9F41EAA42EAD3F780022F603 /* LaunchAtLoginManagerSimplified.swift */,
				9F41EAA52EAD3F780022F603 /* LaunchAtLoginTestInterface.swift */,
				9F41EAA62EAD3F780022F603 /* LogListView.swift */,
				9F41EAA72EAD3F780022F603 /* NowPlayingApp.swift */,
				9F41EAA82EAD3F780022F603 /* PreferencesView.swift */,
				9F41EAA92EAD3F780022F603 /* RecentTracksView.swift */,
			);
			path = App;
			sourceTree = "<group>";
		};
		9F41EAAD2EAD3F780022F603 /* Configuration */ = {
			isa = PBXGroup;
			children = (
				9F41EAAB2EAD3F780022F603 /* Config.swift */,
				9F41EAAC2EAD3F780022F603 /* ConfigurationManager.swift */,
			);
			path = Configuration;
			sourceTree = "<group>";
		};
		9F41EAB32EAD3F780022F603 /* Keychain */ = {
			isa = PBXGroup;
			children = (
				9F41EAAE2EAD3F780022F603 /* KeychainError.swift */,
				9F41EAAF2EAD3F780022F603 /* KeychainHelper.swift */,
				9F41EAB02EAD3F780022F603 /* KeychainItem.swift */,
				9F41EAB12EAD3F780022F603 /* KeychainService.swift */,
				9F41EAB22EAD3F780022F603 /* KeychainServiceProtocol.swift */,
			);
			path = Keychain;
			sourceTree = "<group>";
		};
		9F41EAB52EAD3F780022F603 /* Models */ = {
			isa = PBXGroup;
			children = (
				9F41EAB42EAD3F780022F603 /* Models.swift */,
			);
			path = Models;
			sourceTree = "<group>";
		};
		9F41EAB72EAD3F780022F603 /* Persistence */ = {
			isa = PBXGroup;
			children = (
				9F41EAB62EAD3F780022F603 /* CoreDataStack.swift */,
			);
			path = Persistence;
			sourceTree = "<group>";
		};
		9F41EABB2EAD3F780022F603 /* Services */ = {
			isa = PBXGroup;
			children = (
				9F41EAB82EAD3F780022F603 /* LastFMClient.swift */,
				9F41EAB92EAD3F780022F603 /* MusicEventListener.swift */,
				9F41EABA2EAD3F780022F603 /* ScrobbleManager.swift */,
			);
			path = Services;
			sourceTree = "<group>";
		};
		9F41EABF2EAD3F780022F603 /* Utilities */ = {
			isa = PBXGroup;
			children = (
				9F41EABC2EAD3F780022F603 /* ArtworkStore.swift */,
				9F41EABD2EAD3F780022F603 /* Crypto+MD5.swift */,
				9F41EABE2EAD3F780022F603 /* Date+Fmt.swift */,
			);
			path = Utilities;
			sourceTree = "<group>";
		};
		9F41EAC02EAD3F780022F603 /* Core */ = {
			isa = PBXGroup;
			children = (
				9F41EAAD2EAD3F780022F603 /* Configuration */,
				9F41EAB32EAD3F780022F603 /* Keychain */,
				9F41EAB52EAD3F780022F603 /* Models */,
				9F41EAB72EAD3F780022F603 /* Persistence */,
				9F41EABB2EAD3F780022F603 /* Services */,
				9F41EABF2EAD3F780022F603 /* Utilities */,
			);
			path = Core;
			sourceTree = "<group>";
		};
		9F41EAC12EAD3F780022F603 /* Sources */ = {
			isa = PBXGroup;
			children = (
				9F41EAAA2EAD3F780022F603 /* App */,
				9F41EAC02EAD3F780022F603 /* Core */,
			);
			path = Sources;
			sourceTree = "<group>";
		};
		9F41EAC22EAD3F780022F603 /* UITests */ = {
			isa = PBXGroup;
			children = (
			);
			path = UITests;
			sourceTree = "<group>";
		};
		9F41EAC32EAD3F780022F603 /* UnitTests */ = {
			isa = PBXGroup;
			children = (
			);
			path = UnitTests;
			sourceTree = "<group>";
		};
		9F41EAC42EAD3F780022F603 /* Tests */ = {
			isa = PBXGroup;
			children = (
				9F41EAC22EAD3F780022F603 /* UITests */,
				9F41EAC32EAD3F780022F603 /* UnitTests */,
			);
			path = Tests;
			sourceTree = "<group>";
		};
		9F41EAC52EAD3F780022F603 /* NowPlaying */ = {
			isa = PBXGroup;
			children = (
				9F41EA9B2EAD3F780022F603 /* Configuration */,
				9F41EA9E2EAD3F780022F603 /* Documentation */,
				9F41EAA02EAD3F780022F603 /* Resources */,
				9F41EAC12EAD3F780022F603 /* Sources */,
				9F41EAC42EAD3F780022F603 /* Tests */,
			);
			path = NowPlaying;
			sourceTree = "<group>";
		};
		9F41EAC92EAD3F780022F603 /* Products */ = {
			isa = PBXGroup;
			name = Products;
			sourceTree = "<group>";
		};
		9F4C57C52EA31C65000ED6A2 /* Frameworks */ = {
			isa = PBXGroup;
			children = (
				9F4C57C82EA31C6F000ED6A2 /* CoreServices.framework */,
				9F4C57C62EA31C66000ED6A2 /* ServiceManagement.framework */,
			);
			name = Frameworks;
			sourceTree = "<group>";
		};
/* End PBXGroup section */

/* Begin PBXNativeTarget section */
		9F3642A12E7E538B00D4E680 /* NowPlaying */ = {
			isa = PBXNativeTarget;
			buildConfigurationList = 9F3642AD2E7E538C00D4E680 /* Build configuration list for PBXNativeTarget "NowPlaying" */;
			buildPhases = (
				9F36429E2E7E538B00D4E680 /* Sources */,
				9F36429F2E7E538B00D4E680 /* Frameworks */,
				9F3642A02E7E538B00D4E680 /* Resources */,
			);
			buildRules = (
			);
			dependencies = (
			);
			name = NowPlaying;
			packageProductDependencies = (
			);
			productName = NowPlaying;
			productReference = 9F3642A22E7E538B00D4E680 /* NowPlaying.app */;
			productType = "com.apple.product-type.application";
		};
/* End PBXNativeTarget section */

/* Begin PBXProject section */
		9F36429A2E7E538B00D4E680 /* Project object */ = {
			isa = PBXProject;
			attributes = {
				BuildIndependentTargetsInParallel = 1;
				LastSwiftUpdateCheck = 2600;
				LastUpgradeCheck = 2600;
				TargetAttributes = {
					9F3642A12E7E538B00D4E680 = {
						CreatedOnToolsVersion = 26.0;
					};
				};
			};
			buildConfigurationList = 9F36429D2E7E538B00D4E680 /* Build configuration list for PBXProject "NowPlaying" */;
			developmentRegion = en;
			hasScannedForEncodings = 0;
			knownRegions = (
				en,
				Base,
			);
			mainGroup = 9F3642992E7E538B00D4E680;
			minimizedProjectReferenceProxies = 1;
			preferredProjectObjectVersion = 77;
			productRefGroup = 9F3642A32E7E538B00D4E680 /* Products */;
			projectDirPath = "";
			projectReferences = (
				{
					ProductGroup = 9F41EAC92EAD3F780022F603 /* Products */;
					ProjectRef = 9F41EAC72EAD3F780022F603 /* NowPlaying.xcodeproj */;
				},
			);
			projectRoot = "";
			targets = (
				9F3642A12E7E538B00D4E680 /* NowPlaying */,
			);
		};
/* End PBXProject section */

/* Begin PBXResourcesBuildPhase section */
		9F3642A02E7E538B00D4E680 /* Resources */ = {
			isa = PBXResourcesBuildPhase;
			buildActionMask = 2147483647;
			files = (
				9F41EAFE2EAD3F780022F603 /* README.md in Resources */,
				9F41EB2A2EAD3F780022F603 /* Assets.xcassets in Resources */,
				9F41EB452EAD3F780022F603 /* CHANGELOG.md in Resources */,
				9F41EB502EAD3F780022F603 /* .gitignore in Resources */,
				9F41EB662EAD3F780022F603 /* Info.plist in Resources */,
				9F41EB722EAD3F780022F603 /* ARCHITECTURE.md in Resources */,
				9F41EB792EAD3F780022F603 /* Secrets.xcconfig in Resources */,
			);
			runOnlyForDeploymentPostprocessing = 0;
		};
/* End PBXResourcesBuildPhase section */

/* Begin PBXSourcesBuildPhase section */
		9F36429E2E7E538B00D4E680 /* Sources */ = {
			isa = PBXSourcesBuildPhase;
			buildActionMask = 2147483647;
			files = (
				9F41EB7C2EAD3F780022F603 /* KeychainHelper.swift in Sources */,
				9F41EB7D2EAD3F780022F603 /* KeychainError.swift in Sources */,
				9F41EB7E2EAD3F780022F603 /* LogListView.swift in Sources */,
				9F41EB7F2EAD3F780022F603 /* KeychainService.swift in Sources */,
				9F41EB802EAD3F780022F603 /* CoreDataStack.swift in Sources */,
				9F41EB812EAD3F780022F603 /* KeychainServiceProtocol.swift in Sources */,
				9F41EB822EAD3F780022F603 /* LaunchAtLoginManagerSimplified.swift in Sources */,
				9F41EB832EAD3F780022F603 /* ScrobbleManager.swift in Sources */,
				9F41EB842EAD3F780022F603 /* ConfigurationManager.swift in Sources */,
				9F41EB852EAD3F780022F603 /* RecentTracksView.swift in Sources */,
				9F41EB862EAD3F780022F603 /* LaunchAtLoginTestInterface.swift in Sources */,
				9F41EB872EAD3F780022F603 /* ArtworkWidgetView.swift in Sources */,
				9F41EB882EAD3F780022F603 /* Crypto+MD5.swift in Sources */,
				9F41EB892EAD3F780022F603 /* LastFMClient.swift in Sources */,
				9F41EB8A2EAD3F780022F603 /* NowPlayingApp.swift in Sources */,
				9F41EB8B2EAD3F780022F603 /* Config.swift in Sources */,
				9F41EB8C2EAD3F780022F603 /* Models.swift in Sources */,
				9F41EB8D2EAD3F780022F603 /* KeychainItem.swift in Sources */,
				9F41EB8E2EAD3F780022F603 /* MusicEventListener.swift in Sources */,
				9F41EB8F2EAD3F780022F603 /* Date+Fmt.swift in Sources */,
				9F41EB902EAD3F780022F603 /* ArtworkStore.swift in Sources */,
				9F41EB912EAD3F780022F603 /* LaunchAtLoginManager.swift in Sources */,
				9F41EB922EAD3F780022F603 /* ContentView.swift in Sources */,
				9F41EB932EAD3F780022F603 /* PreferencesView.swift in Sources */,
			);
			runOnlyForDeploymentPostprocessing = 0;
		};
/* End PBXSourcesBuildPhase section */

/* Begin XCBuildConfiguration section */
		9F3642AB2E7E538C00D4E680 /* Debug */ = {
			isa = XCBuildConfiguration;
			buildSettings = {
				ALWAYS_SEARCH_USER_PATHS = NO;
				ASSETCATALOG_COMPILER_GENERATE_SWIFT_ASSET_SYMBOL_EXTENSIONS = YES;
				CLANG_ANALYZER_NONNULL = YES;
				CLANG_ANALYZER_NUMBER_OBJECT_CONVERSION = YES_AGGRESSIVE;
				CLANG_CXX_LANGUAGE_STANDARD = "gnu++20";
				CLANG_ENABLE_MODULES = YES;
				CLANG_ENABLE_OBJC_ARC = YES;
				CLANG_ENABLE_OBJC_WEAK = YES;
				CLANG_WARN_BLOCK_CAPTURE_AUTORELEASING = YES;
				CLANG_WARN_BOOL_CONVERSION = YES;
				CLANG_WARN_COMMA = YES;
				CLANG_WARN_CONSTANT_CONVERSION = YES;
				CLANG_WARN_DEPRECATED_OBJC_IMPLEMENTATIONS = YES;
				CLANG_WARN_DIRECT_OBJC_ISA_USAGE = YES_ERROR;
				CLANG_WARN_DOCUMENTATION_COMMENTS = YES;
				CLANG_WARN_EMPTY_BODY = YES;
				CLANG_WARN_ENUM_CONVERSION = YES;
				CLANG_WARN_INFINITE_RECURSION = YES;
				CLANG_WARN_INT_CONVERSION = YES;
				CLANG_WARN_NON_LITERAL_NULL_CONVERSION = YES;
				CLANG_WARN_OBJC_IMPLICIT_RETAIN_SELF = YES;
				CLANG_WARN_OBJC_LITERAL_CONVERSION = YES;
				CLANG_WARN_OBJC_ROOT_CLASS = YES_ERROR;
				CLANG_WARN_QUOTED_INCLUDE_IN_FRAMEWORK_HEADER = YES;
				CLANG_WARN_RANGE_LOOP_ANALYSIS = YES;
				CLANG_WARN_STRICT_PROTOTYPES = YES;
				CLANG_WARN_SUSPICIOUS_MOVE = YES;
				CLANG_WARN_UNGUARDED_AVAILABILITY = YES_AGGRESSIVE;
				CLANG_WARN_UNREACHABLE_CODE = YES;
				CLANG_WARN__DUPLICATE_METHOD_MATCH = YES;
				COPY_PHASE_STRIP = NO;
				DEBUG_INFORMATION_FORMAT = dwarf;
				DEVELOPMENT_TEAM = F83F7B693P;
				ENABLE_STRICT_OBJC_MSGSEND = YES;
				ENABLE_TESTABILITY = YES;
				ENABLE_USER_SCRIPT_SANDBOXING = YES;
				GCC_C_LANGUAGE_STANDARD = gnu17;
				GCC_DYNAMIC_NO_PIC = NO;
				GCC_NO_COMMON_BLOCKS = YES;
				GCC_OPTIMIZATION_LEVEL = 0;
				GCC_PREPROCESSOR_DEFINITIONS = (
					"DEBUG=1",
					"$(inherited)",
				);
				GCC_WARN_64_TO_32_BIT_CONVERSION = YES;
				GCC_WARN_ABOUT_RETURN_TYPE = YES_ERROR;
				GCC_WARN_UNDECLARED_SELECTOR = YES;
				GCC_WARN_UNINITIALIZED_AUTOS = YES_AGGRESSIVE;
				GCC_WARN_UNUSED_FUNCTION = YES;
				GCC_WARN_UNUSED_VARIABLE = YES;
				LOCALIZATION_PREFERS_STRING_CATALOGS = YES;
				MACOSX_DEPLOYMENT_TARGET = 26.0;
				MTL_ENABLE_DEBUG_INFO = INCLUDE_SOURCE;
				MTL_FAST_MATH = YES;
				ONLY_ACTIVE_ARCH = YES;
				SDKROOT = macosx;
				SWIFT_ACTIVE_COMPILATION_CONDITIONS = "DEBUG $(inherited)";
				SWIFT_OPTIMIZATION_LEVEL = "-Onone";
			};
			name = Debug;
		};
		9F3642AC2E7E538C00D4E680 /* Release */ = {
			isa = XCBuildConfiguration;
			buildSettings = {
				ALWAYS_SEARCH_USER_PATHS = NO;
				ASSETCATALOG_COMPILER_GENERATE_SWIFT_ASSET_SYMBOL_EXTENSIONS = YES;
				CLANG_ANALYZER_NONNULL = YES;
				CLANG_ANALYZER_NUMBER_OBJECT_CONVERSION = YES_AGGRESSIVE;
				CLANG_CXX_LANGUAGE_STANDARD = "gnu++20";
				CLANG_ENABLE_MODULES = YES;
				CLANG_ENABLE_OBJC_ARC = YES;
				CLANG_ENABLE_OBJC_WEAK = YES;
				CLANG_WARN_BLOCK_CAPTURE_AUTORELEASING = YES;
				CLANG_WARN_BOOL_CONVERSION = YES;
				CLANG_WARN_COMMA = YES;
				CLANG_WARN_CONSTANT_CONVERSION = YES;
				CLANG_WARN_DEPRECATED_OBJC_IMPLEMENTATIONS = YES;
				CLANG_WARN_DIRECT_OBJC_ISA_USAGE = YES_ERROR;
				CLANG_WARN_DOCUMENTATION_COMMENTS = YES;
				CLANG_WARN_EMPTY_BODY = YES;
				CLANG_WARN_ENUM_CONVERSION = YES;
				CLANG_WARN_INFINITE_RECURSION = YES;
				CLANG_WARN_INT_CONVERSION = YES;
				CLANG_WARN_NON_LITERAL_NULL_CONVERSION = YES;
				CLANG_WARN_OBJC_IMPLICIT_RETAIN_SELF = YES;
				CLANG_WARN_OBJC_LITERAL_CONVERSION = YES;
				CLANG_WARN_OBJC_ROOT_CLASS = YES_ERROR;
				CLANG_WARN_QUOTED_INCLUDE_IN_FRAMEWORK_HEADER = YES;
				CLANG_WARN_RANGE_LOOP_ANALYSIS = YES;
				CLANG_WARN_STRICT_PROTOTYPES = YES;
				CLANG_WARN_SUSPICIOUS_MOVE = YES;
				CLANG_WARN_UNGUARDED_AVAILABILITY = YES_AGGRESSIVE;
				CLANG_WARN_UNREACHABLE_CODE = YES;
				CLANG_WARN__DUPLICATE_METHOD_MATCH = YES;
				COPY_PHASE_STRIP = NO;
				DEBUG_INFORMATION_FORMAT = "dwarf-with-dsym";
				DEVELOPMENT_TEAM = F83F7B693P;
				ENABLE_NS_ASSERTIONS = NO;
				ENABLE_STRICT_OBJC_MSGSEND = YES;
				ENABLE_USER_SCRIPT_SANDBOXING = YES;
				GCC_C_LANGUAGE_STANDARD = gnu17;
				GCC_NO_COMMON_BLOCKS = YES;
				GCC_WARN_64_TO_32_BIT_CONVERSION = YES;
				GCC_WARN_ABOUT_RETURN_TYPE = YES_ERROR;
				GCC_WARN_UNDECLARED_SELECTOR = YES;
				GCC_WARN_UNINITIALIZED_AUTOS = YES_AGGRESSIVE;
				GCC_WARN_UNUSED_FUNCTION = YES;
				GCC_WARN_UNUSED_VARIABLE = YES;
				LOCALIZATION_PREFERS_STRING_CATALOGS = YES;
				MACOSX_DEPLOYMENT_TARGET = 26.0;
				MTL_ENABLE_DEBUG_INFO = NO;
				MTL_FAST_MATH = YES;
				SDKROOT = macosx;
				SWIFT_COMPILATION_MODE = wholemodule;
			};
			name = Release;
		};
		9F3642AE2E7E538C00D4E680 /* Debug */ = {
			isa = XCBuildConfiguration;
			baseConfigurationReference = 9F41EA9A2EAD3F780022F603 /* Secrets.xcconfig */;
			buildSettings = {
				ASSETCATALOG_COMPILER_APPICON_NAME = AppIcon;
				ASSETCATALOG_COMPILER_GLOBAL_ACCENT_COLOR_NAME = AccentColor;
				ASSETCATALOG_COMPILER_INCLUDE_ALL_APPICON_ASSETS = YES;
				CODE_SIGN_STYLE = Automatic;
				COMBINE_HIDPI_IMAGES = YES;
				CURRENT_PROJECT_VERSION = 11;
				DEVELOPMENT_TEAM = F83F7B693P;
				ENABLE_APP_SANDBOX = YES;
				ENABLE_HARDENED_RUNTIME = YES;
				ENABLE_INCOMING_NETWORK_CONNECTIONS = NO;
				ENABLE_OUTGOING_NETWORK_CONNECTIONS = YES;
				ENABLE_PREVIEWS = YES;
				ENABLE_RESOURCE_ACCESS_AUDIO_INPUT = NO;
				ENABLE_RESOURCE_ACCESS_BLUETOOTH = NO;
				ENABLE_RESOURCE_ACCESS_CALENDARS = NO;
				ENABLE_RESOURCE_ACCESS_CAMERA = NO;
				ENABLE_RESOURCE_ACCESS_CONTACTS = NO;
				ENABLE_RESOURCE_ACCESS_LOCATION = NO;
				ENABLE_RESOURCE_ACCESS_PRINTING = NO;
				ENABLE_RESOURCE_ACCESS_USB = NO;
				GENERATE_INFOPLIST_FILE = YES;
				INFOPLIST_KEY_CFBundleDisplayName = "Now Playing";
				INFOPLIST_KEY_LSApplicationCategoryType = "public.app-category.music";
				INFOPLIST_KEY_NSHumanReadableCopyright = "";
				LD_RUNPATH_SEARCH_PATHS = (
					"$(inherited)",
					"@executable_path/../Frameworks",
				);
				MACOSX_DEPLOYMENT_TARGET = 15.6;
				MARKETING_VERSION = 0.9.4;
				PRODUCT_BUNDLE_IDENTIFIER = com.diegocastilho.NowPlaying;
				PRODUCT_NAME = "$(TARGET_NAME)";
				REGISTER_APP_GROUPS = YES;
				STRING_CATALOG_GENERATE_SYMBOLS = YES;
				SWIFT_APPROACHABLE_CONCURRENCY = YES;
				SWIFT_DEFAULT_ACTOR_ISOLATION = MainActor;
				SWIFT_EMIT_LOC_STRINGS = YES;
				SWIFT_UPCOMING_FEATURE_MEMBER_IMPORT_VISIBILITY = YES;
				SWIFT_VERSION = 5.0;
			};
			name = Debug;
		};
		9F3642AF2E7E538C00D4E680 /* Release */ = {
			isa = XCBuildConfiguration;
			baseConfigurationReference = 9F41EA9A2EAD3F780022F603 /* Secrets.xcconfig */;
			buildSettings = {
				ASSETCATALOG_COMPILER_APPICON_NAME = AppIcon;
				ASSETCATALOG_COMPILER_GLOBAL_ACCENT_COLOR_NAME = AccentColor;
				ASSETCATALOG_COMPILER_INCLUDE_ALL_APPICON_ASSETS = YES;
				CODE_SIGN_STYLE = Automatic;
				COMBINE_HIDPI_IMAGES = YES;
				CURRENT_PROJECT_VERSION = 11;
				DEVELOPMENT_TEAM = F83F7B693P;
				ENABLE_APP_SANDBOX = YES;
				ENABLE_HARDENED_RUNTIME = YES;
				ENABLE_INCOMING_NETWORK_CONNECTIONS = NO;
				ENABLE_OUTGOING_NETWORK_CONNECTIONS = YES;
				ENABLE_PREVIEWS = YES;
				ENABLE_RESOURCE_ACCESS_AUDIO_INPUT = NO;
				ENABLE_RESOURCE_ACCESS_BLUETOOTH = NO;
				ENABLE_RESOURCE_ACCESS_CALENDARS = NO;
				ENABLE_RESOURCE_ACCESS_CAMERA = NO;
				ENABLE_RESOURCE_ACCESS_CONTACTS = NO;
				ENABLE_RESOURCE_ACCESS_LOCATION = NO;
				ENABLE_RESOURCE_ACCESS_PRINTING = NO;
				ENABLE_RESOURCE_ACCESS_USB = NO;
				GENERATE_INFOPLIST_FILE = YES;
				INFOPLIST_KEY_CFBundleDisplayName = "Now Playing";
				INFOPLIST_KEY_LSApplicationCategoryType = "public.app-category.music";
				INFOPLIST_KEY_NSHumanReadableCopyright = "";
				LD_RUNPATH_SEARCH_PATHS = (
					"$(inherited)",
					"@executable_path/../Frameworks",
				);
				MACOSX_DEPLOYMENT_TARGET = 15.6;
				MARKETING_VERSION = 0.9.4;
				PRODUCT_BUNDLE_IDENTIFIER = com.diegocastilho.NowPlaying;
				PRODUCT_NAME = "$(TARGET_NAME)";
				REGISTER_APP_GROUPS = YES;
				STRING_CATALOG_GENERATE_SYMBOLS = YES;
				SWIFT_APPROACHABLE_CONCURRENCY = YES;
				SWIFT_DEFAULT_ACTOR_ISOLATION = MainActor;
				SWIFT_EMIT_LOC_STRINGS = YES;
				SWIFT_UPCOMING_FEATURE_MEMBER_IMPORT_VISIBILITY = YES;
				SWIFT_VERSION = 5.0;
			};
			name = Release;
		};
/* End XCBuildConfiguration section */

/* Begin XCConfigurationList section */
		9F36429D2E7E538B00D4E680 /* Build configuration list for PBXProject "NowPlaying" */ = {
			isa = XCConfigurationList;
			buildConfigurations = (
				9F3642AB2E7E538C00D4E680 /* Debug */,
				9F3642AC2E7E538C00D4E680 /* Release */,
			);
			defaultConfigurationIsVisible = 0;
			defaultConfigurationName = Release;
		};
		9F3642AD2E7E538C00D4E680 /* Build configuration list for PBXNativeTarget "NowPlaying" */ = {
			isa = XCConfigurationList;
			buildConfigurations = (
				9F3642AE2E7E538C00D4E680 /* Debug */,
				9F3642AF2E7E538C00D4E680 /* Release */,
			);
			defaultConfigurationIsVisible = 0;
			defaultConfigurationName = Release;
		};
/* End XCConfigurationList section */
	};
	rootObject = 9F36429A2E7E538B00D4E680 /* Project object */;
}
