// !$*UTF8*$!
{
	archiveVersion = 1;
	classes = {
	};
	objectVersion = 77;
	objects = {

/* Begin PBXBuildFile section */
		9F4C57C72EA31C66000ED6A2 /* ServiceManagement.framework in Frameworks */ = {isa = PBXBuildFile; fileRef = 9F4C57C62EA31C66000ED6A2 /* ServiceManagement.framework */; };
		9F4C57C92EA31C6F000ED6A2 /* CoreServices.framework in Frameworks */ = {isa = PBXBuildFile; fileRef = 9F4C57C82EA31C6F000ED6A2 /* CoreServices.framework */; };
		9FA033532EA9A6C800055522 /* ARCHITECTURE.md in Resources */ = {isa = PBXBuildFile; fileRef = 9FA033522EA9A6C500055522 /* ARCHITECTURE.md */; };
		9FA0335B2EA9A76B00055522 /* CHANGELOG.md in Resources */ = {isa = PBXBuildFile; fileRef = 9FA0335A2EA9A76B00055522 /* CHANGELOG.md */; };
		9FA0335D2EA9A7A500055522 /* .gitignore in Resources */ = {isa = PBXBuildFile; fileRef = 9FA0335C2EA9A7A500055522 /* .gitignore */; };
		9FA033612EA9ABD300055522 /* README.md in Sources */ = {isa = PBXBuildFile; fileRef = 9FA033602EA9ABD000055522 /* README.md */; };
		9FD40AD52EAAF9E400F86137 /* Assets.xcassets in Resources */ = {isa = PBXBuildFile; fileRef = 9FD40AD12EAAF9E400F86137 /* Assets.xcassets */; };
		9FD40AD62EAAF9E400F86137 /* Info.plist in Resources */ = {isa = PBXBuildFile; fileRef = 9FD40AD22EAAF9E400F86137 /* Info.plist */; };
		9FD40AD72EAAF9E400F86137 /* ArtworkWidgetView.swift in Sources */ = {isa = PBXBuildFile; fileRef = 9FD40ABB2EAAF9E400F86137 /* ArtworkWidgetView.swift */; };
		9FD40AD82EAAF9E400F86137 /* ContentView.swift in Sources */ = {isa = PBXBuildFile; fileRef = 9FD40ABC2EAAF9E400F86137 /* ContentView.swift */; };
		9FD40AD92EAAF9E400F86137 /* LaunchAtLoginManager.swift in Sources */ = {isa = PBXBuildFile; fileRef = 9FD40ABD2EAAF9E400F86137 /* LaunchAtLoginManager.swift */; };
		9FD40ADA2EAAF9E400F86137 /* LaunchAtLoginManagerSimplified.swift in Sources */ = {isa = PBXBuildFile; fileRef = 9FD40ABE2EAAF9E400F86137 /* LaunchAtLoginManagerSimplified.swift */; };
		9FD40ADB2EAAF9E400F86137 /* LaunchAtLoginTestInterface.swift in Sources */ = {isa = PBXBuildFile; fileRef = 9FD40ABF2EAAF9E400F86137 /* LaunchAtLoginTestInterface.swift */; };
		9FD40ADC2EAAF9E400F86137 /* LogListView.swift in Sources */ = {isa = PBXBuildFile; fileRef = 9FD40AC02EAAF9E400F86137 /* LogListView.swift */; };
		9FD40ADD2EAAF9E400F86137 /* NowPlayingApp.swift in Sources */ = {isa = PBXBuildFile; fileRef = 9FD40AC12EAAF9E400F86137 /* NowPlayingApp.swift */; };
		9FD40ADE2EAAF9E400F86137 /* PreferencesView.swift in Sources */ = {isa = PBXBuildFile; fileRef = 9FD40AC22EAAF9E400F86137 /* PreferencesView.swift */; };
		9FD40ADF2EAAF9E400F86137 /* RecentTracksView.swift in Sources */ = {isa = PBXBuildFile; fileRef = 9FD40AC32EAAF9E400F86137 /* RecentTracksView.swift */; };
		9FD40AE02EAAF9E400F86137 /* ArtworkStore.swift in Sources */ = {isa = PBXBuildFile; fileRef = 9FD40AC52EAAF9E400F86137 /* ArtworkStore.swift */; };
		9FD40AE12EAAF9E400F86137 /* Config.swift in Sources */ = {isa = PBXBuildFile; fileRef = 9FD40AC62EAAF9E400F86137 /* Config.swift */; };
		9FD40AE22EAAF9E400F86137 /* CoreDataStack.swift in Sources */ = {isa = PBXBuildFile; fileRef = 9FD40AC72EAAF9E400F86137 /* CoreDataStack.swift */; };
		9FD40AE32EAAF9E400F86137 /* Crypto+MD5.swift in Sources */ = {isa = PBXBuildFile; fileRef = 9FD40AC82EAAF9E400F86137 /* Crypto+MD5.swift */; };
		9FD40AE42EAAF9E400F86137 /* Date+Fmt.swift in Sources */ = {isa = PBXBuildFile; fileRef = 9FD40AC92EAAF9E400F86137 /* Date+Fmt.swift */; };
		9FD40AE52EAAF9E400F86137 /* KeychainHelper.swift in Sources */ = {isa = PBXBuildFile; fileRef = 9FD40ACA2EAAF9E400F86137 /* KeychainHelper.swift */; };
		9FD40AE62EAAF9E400F86137 /* LastFMClient.swift in Sources */ = {isa = PBXBuildFile; fileRef = 9FD40ACB2EAAF9E400F86137 /* LastFMClient.swift */; };
		9FD40AE72EAAF9E400F86137 /* Models.swift in Sources */ = {isa = PBXBuildFile; fileRef = 9FD40ACC2EAAF9E400F86137 /* Models.swift */; };
		9FD40AE82EAAF9E400F86137 /* MusicEventListener.swift in Sources */ = {isa = PBXBuildFile; fileRef = 9FD40ACD2EAAF9E400F86137 /* MusicEventListener.swift */; };
		9FD40AE92EAAF9E400F86137 /* ScrobbleManager.swift in Sources */ = {isa = PBXBuildFile; fileRef = 9FD40ACE2EAAF9E400F86137 /* ScrobbleManager.swift */; };
		9FD40AEB2EAAF9F900F86137 /* ConfigurationManager.swift in Sources */ = {isa = PBXBuildFile; fileRef = 9FD40AEA2EAAF9F900F86137 /* ConfigurationManager.swift */; };
/* End PBXBuildFile section */

/* Begin PBXFileReference section */
		9F3642A22E7E538B00D4E680 /* NowPlaying.app */ = {isa = PBXFileReference; explicitFileType = wrapper.application; includeInIndex = 0; path = NowPlaying.app; sourceTree = BUILT_PRODUCTS_DIR; };
		9F4C57C62EA31C66000ED6A2 /* ServiceManagement.framework */ = {isa = PBXFileReference; lastKnownFileType = wrapper.framework; name = ServiceManagement.framework; path = System/Library/Frameworks/ServiceManagement.framework; sourceTree = SDKROOT; };
		9F4C57C82EA31C6F000ED6A2 /* CoreServices.framework */ = {isa = PBXFileReference; lastKnownFileType = wrapper.framework; name = CoreServices.framework; path = System/Library/Frameworks/CoreServices.framework; sourceTree = SDKROOT; };
		9FA033522EA9A6C500055522 /* ARCHITECTURE.md */ = {isa = PBXFileReference; lastKnownFileType = net.daringfireball.markdown; path = ARCHITECTURE.md; sourceTree = "<group>"; };
		9FA0335A2EA9A76B00055522 /* CHANGELOG.md */ = {isa = PBXFileReference; lastKnownFileType = net.daringfireball.markdown; path = CHANGELOG.md; sourceTree = "<group>"; };
		9FA0335C2EA9A7A500055522 /* .gitignore */ = {isa = PBXFileReference; lastKnownFileType = text; path = .gitignore; sourceTree = "<group>"; };
		9FA033602EA9ABD000055522 /* README.md */ = {isa = PBXFileReference; lastKnownFileType = net.daringfireball.markdown; path = README.md; sourceTree = "<group>"; };
		9FD40ABB2EAAF9E400F86137 /* ArtworkWidgetView.swift */ = {isa = PBXFileReference; lastKnownFileType = sourcecode.swift; path = ArtworkWidgetView.swift; sourceTree = "<group>"; };
		9FD40ABC2EAAF9E400F86137 /* ContentView.swift */ = {isa = PBXFileReference; lastKnownFileType = sourcecode.swift; path = ContentView.swift; sourceTree = "<group>"; };
		9FD40ABD2EAAF9E400F86137 /* LaunchAtLoginManager.swift */ = {isa = PBXFileReference; lastKnownFileType = sourcecode.swift; path = LaunchAtLoginManager.swift; sourceTree = "<group>"; };
		9FD40ABE2EAAF9E400F86137 /* LaunchAtLoginManagerSimplified.swift */ = {isa = PBXFileReference; lastKnownFileType = sourcecode.swift; path = LaunchAtLoginManagerSimplified.swift; sourceTree = "<group>"; };
		9FD40ABF2EAAF9E400F86137 /* LaunchAtLoginTestInterface.swift */ = {isa = PBXFileReference; lastKnownFileType = sourcecode.swift; path = LaunchAtLoginTestInterface.swift; sourceTree = "<group>"; };
		9FD40AC02EAAF9E400F86137 /* LogListView.swift */ = {isa = PBXFileReference; lastKnownFileType = sourcecode.swift; path = LogListView.swift; sourceTree = "<group>"; };
		9FD40AC12EAAF9E400F86137 /* NowPlayingApp.swift */ = {isa = PBXFileReference; lastKnownFileType = sourcecode.swift; path = NowPlayingApp.swift; sourceTree = "<group>"; };
		9FD40AC22EAAF9E400F86137 /* PreferencesView.swift */ = {isa = PBXFileReference; lastKnownFileType = sourcecode.swift; path = PreferencesView.swift; sourceTree = "<group>"; };
		9FD40AC32EAAF9E400F86137 /* RecentTracksView.swift */ = {isa = PBXFileReference; lastKnownFileType = sourcecode.swift; path = RecentTracksView.swift; sourceTree = "<group>"; };
		9FD40AC52EAAF9E400F86137 /* ArtworkStore.swift */ = {isa = PBXFileReference; lastKnownFileType = sourcecode.swift; path = ArtworkStore.swift; sourceTree = "<group>"; };
		9FD40AC62EAAF9E400F86137 /* Config.swift */ = {isa = PBXFileReference; lastKnownFileType = sourcecode.swift; path = Config.swift; sourceTree = "<group>"; };
		9FD40AC72EAAF9E400F86137 /* CoreDataStack.swift */ = {isa = PBXFileReference; lastKnownFileType = sourcecode.swift; path = CoreDataStack.swift; sourceTree = "<group>"; };
		9FD40AC82EAAF9E400F86137 /* Crypto+MD5.swift */ = {isa = PBXFileReference; lastKnownFileType = sourcecode.swift; path = "Crypto+MD5.swift"; sourceTree = "<group>"; };
		9FD40AC92EAAF9E400F86137 /* Date+Fmt.swift */ = {isa = PBXFileReference; lastKnownFileType = sourcecode.swift; path = "Date+Fmt.swift"; sourceTree = "<group>"; };
		9FD40ACA2EAAF9E400F86137 /* KeychainHelper.swift */ = {isa = PBXFileReference; lastKnownFileType = sourcecode.swift; path = KeychainHelper.swift; sourceTree = "<group>"; };
		9FD40ACB2EAAF9E400F86137 /* LastFMClient.swift */ = {isa = PBXFileReference; lastKnownFileType = sourcecode.swift; path = LastFMClient.swift; sourceTree = "<group>"; };
		9FD40ACC2EAAF9E400F86137 /* Models.swift */ = {isa = PBXFileReference; lastKnownFileType = sourcecode.swift; path = Models.swift; sourceTree = "<group>"; };
		9FD40ACD2EAAF9E400F86137 /* MusicEventListener.swift */ = {isa = PBXFileReference; lastKnownFileType = sourcecode.swift; path = MusicEventListener.swift; sourceTree = "<group>"; };
		9FD40ACE2EAAF9E400F86137 /* ScrobbleManager.swift */ = {isa = PBXFileReference; lastKnownFileType = sourcecode.swift; path = ScrobbleManager.swift; sourceTree = "<group>"; };
		9FD40AD12EAAF9E400F86137 /* Assets.xcassets */ = {isa = PBXFileReference; lastKnownFileType = folder.assetcatalog; path = Assets.xcassets; sourceTree = "<group>"; };
		9FD40AD22EAAF9E400F86137 /* Info.plist */ = {isa = PBXFileReference; lastKnownFileType = text.plist.xml; path = Info.plist; sourceTree = "<group>"; };
		9FD40AD32EAAF9E400F86137 /* NowPlaying.entitlements */ = {isa = PBXFileReference; lastKnownFileType = text.plist.entitlements; path = NowPlaying.entitlements; sourceTree = "<group>"; };
		9FD40AEA2EAAF9F900F86137 /* ConfigurationManager.swift */ = {isa = PBXFileReference; lastKnownFileType = sourcecode.swift; path = ConfigurationManager.swift; sourceTree = "<group>"; };
		9FD40AEC2EAC8DF100F86137 /* Secrets.xcconfig */ = {isa = PBXFileReference; lastKnownFileType = text.xcconfig; path = Secrets.xcconfig; sourceTree = "<group>"; };
/* End PBXFileReference section */

/* Begin PBXFrameworksBuildPhase section */
		9F36429F2E7E538B00D4E680 /* Frameworks */ = {
			isa = PBXFrameworksBuildPhase;
			buildActionMask = 2147483647;
			files = (
				9F4C57C72EA31C66000ED6A2 /* ServiceManagement.framework in Frameworks */,
				9F4C57C92EA31C6F000ED6A2 /* CoreServices.framework in Frameworks */,
			);
			runOnlyForDeploymentPostprocessing = 0;
		};
/* End PBXFrameworksBuildPhase section */

/* Begin PBXGroup section */
		9F3642992E7E538B00D4E680 = {
			isa = PBXGroup;
			children = (
				9FA0335C2EA9A7A500055522 /* .gitignore */,
				9FA033522EA9A6C500055522 /* ARCHITECTURE.md */,
				9FA0335A2EA9A76B00055522 /* CHANGELOG.md */,
				9FA033602EA9ABD000055522 /* README.md */,
				9F4C57C52EA31C65000ED6A2 /* Frameworks */,
				9FD40AD42EAAF9E400F86137 /* NowPlaying */,
				9F3642A32E7E538B00D4E680 /* Products */,
				9FA033632EA9B9EA00055522 /* Configuration */,
			);
			sourceTree = "<group>";
		};
		9F3642A32E7E538B00D4E680 /* Products */ = {
			isa = PBXGroup;
			children = (
				9F3642A22E7E538B00D4E680 /* NowPlaying.app */,
			);
			name = Products;
			sourceTree = "<group>";
		};
		9F4C57C52EA31C65000ED6A2 /* Frameworks */ = {
			isa = PBXGroup;
			children = (
				9F4C57C82EA31C6F000ED6A2 /* CoreServices.framework */,
				9F4C57C62EA31C66000ED6A2 /* ServiceManagement.framework */,
			);
			name = Frameworks;
			sourceTree = "<group>";
		};
		9FA033632EA9B9EA00055522 /* Configuration */ = {
			isa = PBXGroup;
			children = (
				9FD40AEC2EAC8DF100F86137 /* Secrets.xcconfig */,
			);
			path = Configuration;
			sourceTree = "<group>";
		};
		9FD40AC42EAAF9E400F86137 /* App */ = {
			isa = PBXGroup;
			children = (
				9FD40ABB2EAAF9E400F86137 /* ArtworkWidgetView.swift */,
				9FD40ABC2EAAF9E400F86137 /* ContentView.swift */,
				9FD40ABD2EAAF9E400F86137 /* LaunchAtLoginManager.swift */,
				9FD40ABE2EAAF9E400F86137 /* LaunchAtLoginManagerSimplified.swift */,
				9FD40ABF2EAAF9E400F86137 /* LaunchAtLoginTestInterface.swift */,
				9FD40AC02EAAF9E400F86137 /* LogListView.swift */,
				9FD40AC12EAAF9E400F86137 /* NowPlayingApp.swift */,
				9FD40AC22EAAF9E400F86137 /* PreferencesView.swift */,
				9FD40AC32EAAF9E400F86137 /* RecentTracksView.swift */,
			);
			path = App;
			sourceTree = "<group>";
		};
		9FD40ACF2EAAF9E400F86137 /* Core */ = {
			isa = PBXGroup;
			children = (
				9FD40AEA2EAAF9F900F86137 /* ConfigurationManager.swift */,
				9FD40AC52EAAF9E400F86137 /* ArtworkStore.swift */,
				9FD40AC62EAAF9E400F86137 /* Config.swift */,
				9FD40AC72EAAF9E400F86137 /* CoreDataStack.swift */,
				9FD40AC82EAAF9E400F86137 /* Crypto+MD5.swift */,
				9FD40AC92EAAF9E400F86137 /* Date+Fmt.swift */,
				9FD40ACA2EAAF9E400F86137 /* KeychainHelper.swift */,
				9FD40ACB2EAAF9E400F86137 /* LastFMClient.swift */,
				9FD40ACC2EAAF9E400F86137 /* Models.swift */,
				9FD40ACD2EAAF9E400F86137 /* MusicEventListener.swift */,
				9FD40ACE2EAAF9E400F86137 /* ScrobbleManager.swift */,
			);
			path = Core;
			sourceTree = "<group>";
		};
		9FD40AD02EAAF9E400F86137 /* Sources */ = {
			isa = PBXGroup;
			children = (
				9FD40AC42EAAF9E400F86137 /* App */,
				9FD40ACF2EAAF9E400F86137 /* Core */,
			);
			path = Sources;
			sourceTree = "<group>";
		};
		9FD40AD42EAAF9E400F86137 /* NowPlaying */ = {
			isa = PBXGroup;
			children = (
				9FD40AD02EAAF9E400F86137 /* Sources */,
				9FD40AD12EAAF9E400F86137 /* Assets.xcassets */,
				9FD40AD22EAAF9E400F86137 /* Info.plist */,
				9FD40AD32EAAF9E400F86137 /* NowPlaying.entitlements */,
			);
			path = NowPlaying;
			sourceTree = "<group>";
		};
/* End PBXGroup section */

/* Begin PBXNativeTarget section */
		9F3642A12E7E538B00D4E680 /* NowPlaying */ = {
			isa = PBXNativeTarget;
			buildConfigurationList = 9F3642AD2E7E538C00D4E680 /* Build configuration list for PBXNativeTarget "NowPlaying" */;
			buildPhases = (
				9F36429E2E7E538B00D4E680 /* Sources */,
				9F36429F2E7E538B00D4E680 /* Frameworks */,
				9F3642A02E7E538B00D4E680 /* Resources */,
			);
			buildRules = (
			);
			dependencies = (
			);
			name = NowPlaying;
			packageProductDependencies = (
			);
			productName = NowPlaying;
			productReference = 9F3642A22E7E538B00D4E680 /* NowPlaying.app */;
			productType = "com.apple.product-type.application";
		};
/* End PBXNativeTarget section */

/* Begin PBXProject section */
		9F36429A2E7E538B00D4E680 /* Project object */ = {
			isa = PBXProject;
			attributes = {
				BuildIndependentTargetsInParallel = 1;
				LastSwiftUpdateCheck = 2600;
				LastUpgradeCheck = 2600;
				TargetAttributes = {
					9F3642A12E7E538B00D4E680 = {
						CreatedOnToolsVersion = 26.0;
					};
				};
			};
			buildConfigurationList = 9F36429D2E7E538B00D4E680 /* Build configuration list for PBXProject "NowPlaying" */;
			developmentRegion = en;
			hasScannedForEncodings = 0;
			knownRegions = (
				en,
				Base,
			);
			mainGroup = 9F3642992E7E538B00D4E680;
			minimizedProjectReferenceProxies = 1;
			preferredProjectObjectVersion = 77;
			productRefGroup = 9F3642A32E7E538B00D4E680 /* Products */;
			projectDirPath = "";
			projectRoot = "";
			targets = (
				9F3642A12E7E538B00D4E680 /* NowPlaying */,
			);
		};
/* End PBXProject section */

/* Begin PBXResourcesBuildPhase section */
		9F3642A02E7E538B00D4E680 /* Resources */ = {
			isa = PBXResourcesBuildPhase;
			buildActionMask = 2147483647;
			files = (
				9FD40AD52EAAF9E400F86137 /* Assets.xcassets in Resources */,
				9FD40AD62EAAF9E400F86137 /* Info.plist in Resources */,
				9FA0335D2EA9A7A500055522 /* .gitignore in Resources */,
				9FA033532EA9A6C800055522 /* ARCHITECTURE.md in Resources */,
				9FA0335B2EA9A76B00055522 /* CHANGELOG.md in Resources */,
			);
			runOnlyForDeploymentPostprocessing = 0;
		};
/* End PBXResourcesBuildPhase section */

/* Begin PBXSourcesBuildPhase section */
		9F36429E2E7E538B00D4E680 /* Sources */ = {
			isa = PBXSourcesBuildPhase;
			buildActionMask = 2147483647;
			files = (
				9FA033612EA9ABD300055522 /* README.md in Sources */,
				9FD40AD72EAAF9E400F86137 /* ArtworkWidgetView.swift in Sources */,
				9FD40AD82EAAF9E400F86137 /* ContentView.swift in Sources */,
				9FD40AD92EAAF9E400F86137 /* LaunchAtLoginManager.swift in Sources */,
				9FD40ADA2EAAF9E400F86137 /* LaunchAtLoginManagerSimplified.swift in Sources */,
				9FD40ADB2EAAF9E400F86137 /* LaunchAtLoginTestInterface.swift in Sources */,
				9FD40ADC2EAAF9E400F86137 /* LogListView.swift in Sources */,
				9FD40ADD2EAAF9E400F86137 /* NowPlayingApp.swift in Sources */,
				9FD40ADE2EAAF9E400F86137 /* PreferencesView.swift in Sources */,
				9FD40ADF2EAAF9E400F86137 /* RecentTracksView.swift in Sources */,
				9FD40AE02EAAF9E400F86137 /* ArtworkStore.swift in Sources */,
				9FD40AE12EAAF9E400F86137 /* Config.swift in Sources */,
				9FD40AE22EAAF9E400F86137 /* CoreDataStack.swift in Sources */,
				9FD40AE32EAAF9E400F86137 /* Crypto+MD5.swift in Sources */,
				9FD40AE42EAAF9E400F86137 /* Date+Fmt.swift in Sources */,
				9FD40AE52EAAF9E400F86137 /* KeychainHelper.swift in Sources */,
				9FD40AE62EAAF9E400F86137 /* LastFMClient.swift in Sources */,
				9FD40AE72EAAF9E400F86137 /* Models.swift in Sources */,
				9FD40AEB2EAAF9F900F86137 /* ConfigurationManager.swift in Sources */,
				9FD40AE82EAAF9E400F86137 /* MusicEventListener.swift in Sources */,
				9FD40AE92EAAF9E400F86137 /* ScrobbleManager.swift in Sources */,
			);
			runOnlyForDeploymentPostprocessing = 0;
		};
/* End PBXSourcesBuildPhase section */

/* Begin XCBuildConfiguration section */
		9F3642AB2E7E538C00D4E680 /* Debug */ = {
			isa = XCBuildConfiguration;
			baseConfigurationReference = 9FD40AEC2EAC8DF100F86137 /* Secrets.xcconfig */;
			buildSettings = {
				ALWAYS_SEARCH_USER_PATHS = NO;
				ASSETCATALOG_COMPILER_GENERATE_SWIFT_ASSET_SYMBOL_EXTENSIONS = YES;
				CLANG_ANALYZER_NONNULL = YES;
				CLANG_ANALYZER_NUMBER_OBJECT_CONVERSION = YES_AGGRESSIVE;
				CLANG_CXX_LANGUAGE_STANDARD = "gnu++20";
				CLANG_ENABLE_MODULES = YES;
				CLANG_ENABLE_OBJC_ARC = YES;
				CLANG_ENABLE_OBJC_WEAK = YES;
				CLANG_WARN_BLOCK_CAPTURE_AUTORELEASING = YES;
				CLANG_WARN_BOOL_CONVERSION = YES;
				CLANG_WARN_COMMA = YES;
				CLANG_WARN_CONSTANT_CONVERSION = YES;
				CLANG_WARN_DEPRECATED_OBJC_IMPLEMENTATIONS = YES;
				CLANG_WARN_DIRECT_OBJC_ISA_USAGE = YES_ERROR;
				CLANG_WARN_DOCUMENTATION_COMMENTS = YES;
				CLANG_WARN_EMPTY_BODY = YES;
				CLANG_WARN_ENUM_CONVERSION = YES;
				CLANG_WARN_INFINITE_RECURSION = YES;
				CLANG_WARN_INT_CONVERSION = YES;
				CLANG_WARN_NON_LITERAL_NULL_CONVERSION = YES;
				CLANG_WARN_OBJC_IMPLICIT_RETAIN_SELF = YES;
				CLANG_WARN_OBJC_LITERAL_CONVERSION = YES;
				CLANG_WARN_OBJC_ROOT_CLASS = YES_ERROR;
				CLANG_WARN_QUOTED_INCLUDE_IN_FRAMEWORK_HEADER = YES;
				CLANG_WARN_RANGE_LOOP_ANALYSIS = YES;
				CLANG_WARN_STRICT_PROTOTYPES = YES;
				CLANG_WARN_SUSPICIOUS_MOVE = YES;
				CLANG_WARN_UNGUARDED_AVAILABILITY = YES_AGGRESSIVE;
				CLANG_WARN_UNREACHABLE_CODE = YES;
				CLANG_WARN__DUPLICATE_METHOD_MATCH = YES;
				COPY_PHASE_STRIP = NO;
				DEBUG_INFORMATION_FORMAT = dwarf;
				DEVELOPMENT_TEAM = F83F7B693P;
				ENABLE_STRICT_OBJC_MSGSEND = YES;
				ENABLE_TESTABILITY = YES;
				ENABLE_USER_SCRIPT_SANDBOXING = YES;
				GCC_C_LANGUAGE_STANDARD = gnu17;
				GCC_DYNAMIC_NO_PIC = NO;
				GCC_NO_COMMON_BLOCKS = YES;
				GCC_OPTIMIZATION_LEVEL = 0;
				GCC_PREPROCESSOR_DEFINITIONS = (
					"DEBUG=1",
					"$(inherited)",
				);
				GCC_WARN_64_TO_32_BIT_CONVERSION = YES;
				GCC_WARN_ABOUT_RETURN_TYPE = YES_ERROR;
				GCC_WARN_UNDECLARED_SELECTOR = YES;
				GCC_WARN_UNINITIALIZED_AUTOS = YES_AGGRESSIVE;
				GCC_WARN_UNUSED_FUNCTION = YES;
				GCC_WARN_UNUSED_VARIABLE = YES;
				LOCALIZATION_PREFERS_STRING_CATALOGS = YES;
				MACOSX_DEPLOYMENT_TARGET = 26.0;
				MTL_ENABLE_DEBUG_INFO = INCLUDE_SOURCE;
				MTL_FAST_MATH = YES;
				ONLY_ACTIVE_ARCH = YES;
				SDKROOT = macosx;
				SWIFT_ACTIVE_COMPILATION_CONDITIONS = "DEBUG $(inherited)";
				SWIFT_OPTIMIZATION_LEVEL = "-Onone";
			};
			name = Debug;
		};
		9F3642AC2E7E538C00D4E680 /* Release */ = {
			isa = XCBuildConfiguration;
			baseConfigurationReference = 9FD40AEC2EAC8DF100F86137 /* Secrets.xcconfig */;
			buildSettings = {
				ALWAYS_SEARCH_USER_PATHS = NO;
				ASSETCATALOG_COMPILER_GENERATE_SWIFT_ASSET_SYMBOL_EXTENSIONS = YES;
				CLANG_ANALYZER_NONNULL = YES;
				CLANG_ANALYZER_NUMBER_OBJECT_CONVERSION = YES_AGGRESSIVE;
				CLANG_CXX_LANGUAGE_STANDARD = "gnu++20";
				CLANG_ENABLE_MODULES = YES;
				CLANG_ENABLE_OBJC_ARC = YES;
				CLANG_ENABLE_OBJC_WEAK = YES;
				CLANG_WARN_BLOCK_CAPTURE_AUTORELEASING = YES;
				CLANG_WARN_BOOL_CONVERSION = YES;
				CLANG_WARN_COMMA = YES;
				CLANG_WARN_CONSTANT_CONVERSION = YES;
				CLANG_WARN_DEPRECATED_OBJC_IMPLEMENTATIONS = YES;
				CLANG_WARN_DIRECT_OBJC_ISA_USAGE = YES_ERROR;
				CLANG_WARN_DOCUMENTATION_COMMENTS = YES;
				CLANG_WARN_EMPTY_BODY = YES;
				CLANG_WARN_ENUM_CONVERSION = YES;
				CLANG_WARN_INFINITE_RECURSION = YES;
				CLANG_WARN_INT_CONVERSION = YES;
				CLANG_WARN_NON_LITERAL_NULL_CONVERSION = YES;
				CLANG_WARN_OBJC_IMPLICIT_RETAIN_SELF = YES;
				CLANG_WARN_OBJC_LITERAL_CONVERSION = YES;
				CLANG_WARN_OBJC_ROOT_CLASS = YES_ERROR;
				CLANG_WARN_QUOTED_INCLUDE_IN_FRAMEWORK_HEADER = YES;
				CLANG_WARN_RANGE_LOOP_ANALYSIS = YES;
				CLANG_WARN_STRICT_PROTOTYPES = YES;
				CLANG_WARN_SUSPICIOUS_MOVE = YES;
				CLANG_WARN_UNGUARDED_AVAILABILITY = YES_AGGRESSIVE;
				CLANG_WARN_UNREACHABLE_CODE = YES;
				CLANG_WARN__DUPLICATE_METHOD_MATCH = YES;
				COPY_PHASE_STRIP = NO;
				DEBUG_INFORMATION_FORMAT = "dwarf-with-dsym";
				DEVELOPMENT_TEAM = F83F7B693P;
				ENABLE_NS_ASSERTIONS = NO;
				ENABLE_STRICT_OBJC_MSGSEND = YES;
				ENABLE_USER_SCRIPT_SANDBOXING = YES;
				GCC_C_LANGUAGE_STANDARD = gnu17;
				GCC_NO_COMMON_BLOCKS = YES;
				GCC_WARN_64_TO_32_BIT_CONVERSION = YES;
				GCC_WARN_ABOUT_RETURN_TYPE = YES_ERROR;
				GCC_WARN_UNDECLARED_SELECTOR = YES;
				GCC_WARN_UNINITIALIZED_AUTOS = YES_AGGRESSIVE;
				GCC_WARN_UNUSED_FUNCTION = YES;
				GCC_WARN_UNUSED_VARIABLE = YES;
				LOCALIZATION_PREFERS_STRING_CATALOGS = YES;
				MACOSX_DEPLOYMENT_TARGET = 26.0;
				MTL_ENABLE_DEBUG_INFO = NO;
				MTL_FAST_MATH = YES;
				SDKROOT = macosx;
				SWIFT_COMPILATION_MODE = wholemodule;
			};
			name = Release;
		};
		9F3642AE2E7E538C00D4E680 /* Debug */ = {
			isa = XCBuildConfiguration;
			baseConfigurationReference = 9FD40AEC2EAC8DF100F86137 /* Secrets.xcconfig */;
			buildSettings = {
				ASSETCATALOG_COMPILER_APPICON_NAME = AppIcon;
				ASSETCATALOG_COMPILER_GLOBAL_ACCENT_COLOR_NAME = AccentColor;
				ASSETCATALOG_COMPILER_INCLUDE_ALL_APPICON_ASSETS = YES;
				CODE_SIGN_STYLE = Automatic;
				COMBINE_HIDPI_IMAGES = YES;
				CURRENT_PROJECT_VERSION = 1;
				DEVELOPMENT_TEAM = F83F7B693P;
				ENABLE_APP_SANDBOX = YES;
				ENABLE_HARDENED_RUNTIME = YES;
				ENABLE_INCOMING_NETWORK_CONNECTIONS = NO;
				ENABLE_OUTGOING_NETWORK_CONNECTIONS = YES;
				ENABLE_PREVIEWS = YES;
				ENABLE_RESOURCE_ACCESS_AUDIO_INPUT = NO;
				ENABLE_RESOURCE_ACCESS_BLUETOOTH = NO;
				ENABLE_RESOURCE_ACCESS_CALENDARS = NO;
				ENABLE_RESOURCE_ACCESS_CAMERA = NO;
				ENABLE_RESOURCE_ACCESS_CONTACTS = NO;
				ENABLE_RESOURCE_ACCESS_LOCATION = NO;
				ENABLE_RESOURCE_ACCESS_PRINTING = NO;
				ENABLE_RESOURCE_ACCESS_USB = NO;
				GENERATE_INFOPLIST_FILE = YES;
				INFOPLIST_KEY_CFBundleDisplayName = "Now Playing";
				INFOPLIST_KEY_LSApplicationCategoryType = "public.app-category.music";
				INFOPLIST_KEY_NSHumanReadableCopyright = "";
				LD_RUNPATH_SEARCH_PATHS = (
					"$(inherited)",
					"@executable_path/../Frameworks",
				);
				MACOSX_DEPLOYMENT_TARGET = 15.6;
				MARKETING_VERSION = 1.4;
				PRODUCT_BUNDLE_IDENTIFIER = com.diegocastilho.NowPlaying;
				PRODUCT_NAME = "$(TARGET_NAME)";
				REGISTER_APP_GROUPS = YES;
				STRING_CATALOG_GENERATE_SYMBOLS = YES;
				SWIFT_APPROACHABLE_CONCURRENCY = YES;
				SWIFT_DEFAULT_ACTOR_ISOLATION = MainActor;
				SWIFT_EMIT_LOC_STRINGS = YES;
				SWIFT_UPCOMING_FEATURE_MEMBER_IMPORT_VISIBILITY = YES;
				SWIFT_VERSION = 5.0;
			};
			name = Debug;
		};
		9F3642AF2E7E538C00D4E680 /* Release */ = {
			isa = XCBuildConfiguration;
			baseConfigurationReference = 9FD40AEC2EAC8DF100F86137 /* Secrets.xcconfig */;
			buildSettings = {
				ASSETCATALOG_COMPILER_APPICON_NAME = AppIcon;
				ASSETCATALOG_COMPILER_GLOBAL_ACCENT_COLOR_NAME = AccentColor;
				ASSETCATALOG_COMPILER_INCLUDE_ALL_APPICON_ASSETS = YES;
				CODE_SIGN_STYLE = Automatic;
				COMBINE_HIDPI_IMAGES = YES;
				CURRENT_PROJECT_VERSION = 1;
				DEVELOPMENT_TEAM = F83F7B693P;
				ENABLE_APP_SANDBOX = YES;
				ENABLE_HARDENED_RUNTIME = YES;
				ENABLE_INCOMING_NETWORK_CONNECTIONS = NO;
				ENABLE_OUTGOING_NETWORK_CONNECTIONS = YES;
				ENABLE_PREVIEWS = YES;
				ENABLE_RESOURCE_ACCESS_AUDIO_INPUT = NO;
				ENABLE_RESOURCE_ACCESS_BLUETOOTH = NO;
				ENABLE_RESOURCE_ACCESS_CALENDARS = NO;
				ENABLE_RESOURCE_ACCESS_CAMERA = NO;
				ENABLE_RESOURCE_ACCESS_CONTACTS = NO;
				ENABLE_RESOURCE_ACCESS_LOCATION = NO;
				ENABLE_RESOURCE_ACCESS_PRINTING = NO;
				ENABLE_RESOURCE_ACCESS_USB = NO;
				GENERATE_INFOPLIST_FILE = YES;
				INFOPLIST_KEY_CFBundleDisplayName = "Now Playing";
				INFOPLIST_KEY_LSApplicationCategoryType = "public.app-category.music";
				INFOPLIST_KEY_NSHumanReadableCopyright = "";
				LD_RUNPATH_SEARCH_PATHS = (
					"$(inherited)",
					"@executable_path/../Frameworks",
				);
				MACOSX_DEPLOYMENT_TARGET = 15.6;
				MARKETING_VERSION = 1.4;
				PRODUCT_BUNDLE_IDENTIFIER = com.diegocastilho.NowPlaying;
				PRODUCT_NAME = "$(TARGET_NAME)";
				REGISTER_APP_GROUPS = YES;
				STRING_CATALOG_GENERATE_SYMBOLS = YES;
				SWIFT_APPROACHABLE_CONCURRENCY = YES;
				SWIFT_DEFAULT_ACTOR_ISOLATION = MainActor;
				SWIFT_EMIT_LOC_STRINGS = YES;
				SWIFT_UPCOMING_FEATURE_MEMBER_IMPORT_VISIBILITY = YES;
				SWIFT_VERSION = 5.0;
			};
			name = Release;
		};
/* End XCBuildConfiguration section */

/* Begin XCConfigurationList section */
		9F36429D2E7E538B00D4E680 /* Build configuration list for PBXProject "NowPlaying" */ = {
			isa = XCConfigurationList;
			buildConfigurations = (
				9F3642AB2E7E538C00D4E680 /* Debug */,
				9F3642AC2E7E538C00D4E680 /* Release */,
			);
			defaultConfigurationIsVisible = 0;
			defaultConfigurationName = Release;
		};
		9F3642AD2E7E538C00D4E680 /* Build configuration list for PBXNativeTarget "NowPlaying" */ = {
			isa = XCConfigurationList;
			buildConfigurations = (
				9F3642AE2E7E538C00D4E680 /* Debug */,
				9F3642AF2E7E538C00D4E680 /* Release */,
			);
			defaultConfigurationIsVisible = 0;
			defaultConfigurationName = Release;
		};
/* End XCConfigurationList section */
	};
	rootObject = 9F36429A2E7E538B00D4E680 /* Project object */;
}
